
Microsoft Visual Studio Solution File, Format Version 12.00
# Visual Studio 15
VisualStudioVersion = 15.0.27428.2037
MinimumVisualStudioVersion = 10.0.40219.1
Project("{2150E333-8FDC-42A3-9474-1A3956D46DE8}") = "library-source", "library-source", "{56123580-99E9-45AC-8300-ABF8EE1D021E}"
EndProject
Project("{D954291E-2A0B-460D-934E-DC6B0785DB48}") = "HolisticWare.Core.Math.Statistics.Descriptive.Sequential", "..\..\source\HolisticWare.Core.Math.Statistics.Descriptive.Sequential\HolisticWare.Core.Math.Statistics.Descriptive.Sequential.shproj", "{920D7D0F-3FAE-4C77-9174-23E7A4E80E50}"
EndProject
Project("{FAE04EC0-301F-11D3-BF4B-00C04F79EFBC}") = "HolisticWare.Core.Math.Statistics.Descriptive.Sequential.NetStandard10", "..\..\source\HolisticWare.Core.Math.Statistics.Descriptive.Sequential.NetStandard10\HolisticWare.Core.Math.Statistics.Descriptive.Sequential.NetStandard10.csproj", "{DEFACBA9-2E24-46BD-B3E0-EFF602FA05DC}"
EndProject
Project("{FAE04EC0-301F-11D3-BF4B-00C04F79EFBC}") = "UnitTests.NUnit", "UnitTests.NUnit\UnitTests.NUnit.csproj", "{04F3D823-ABEA-46DD-9EC2-56C08CA074DB}"
EndProject
Project("{FAE04EC0-301F-11D3-BF4B-00C04F79EFBC}") = "HolisticWare.Core.Math.Statistics.Descriptive.Sequential.NetStandard13", "..\..\source\HolisticWare.Core.Math.Statistics.Descriptive.Sequential.NetStandard13\HolisticWare.Core.Math.Statistics.Descriptive.Sequential.NetStandard13.csproj", "{83BFBF24-CD48-42AC-ADD0-9255405EA007}"
EndProject
Project("{2150E333-8FDC-42A3-9474-1A3956D46DE8}") = "Solution Items", "Solution Items", "{AEC90E05-F732-4DBC-8DDB-B427F137C82C}"
	ProjectSection(SolutionItems) = preProject
		..\..\README.md = ..\..\README.md
	EndProjectSection
EndProject
Project("{D954291E-2A0B-460D-934E-DC6B0785DB48}") = "UnitTests.CommonShared", "UnitTests.CommonShared\UnitTests.CommonShared.shproj", "{13AB4AD2-D077-48E0-B6F2-791BC25EB413}"
EndProject
Project("{FAE04EC0-301F-11D3-BF4B-00C04F79EFBC}") = "UnitTests.XUnit", "UnitTests.XUnit\UnitTests.XUnit.csproj", "{9F02C2A3-1007-424C-9B59-2DE1CD8AA093}"
EndProject
Project("{FAE04EC0-301F-11D3-BF4B-00C04F79EFBC}") = "UnitTests.MSTest", "UnitTests.MSTest\UnitTests.MSTest.csproj", "{A8E79CF3-AF9D-4953-92C3-0CCB80210D9F}"
EndProject
Project("{2150E333-8FDC-42A3-9474-1A3956D46DE8}") = "externals", "externals", "{3799F198-4FDB-4BFF-811E-D12EEB39D00C}"
EndProject
Project("{2150E333-8FDC-42A3-9474-1A3956D46DE8}") = "data", "data", "{69B20DD6-58F6-4701-B081-9B09E8B697D3}"
EndProject
Project("{D954291E-2A0B-460D-934E-DC6B0785DB48}") = "HolisticWare.Core.Math.Samples", "..\..\externals\Core.Math.Samples\tests\data\HolisticWare.Core.Math.Samples\HolisticWare.Core.Math.Samples.shproj", "{98411F49-CA5E-41C7-81E2-26C9ADFF255D}"
EndProject
Global
	GlobalSection(SharedMSBuildProjectFiles) = preSolution
		UnitTests.CommonShared\UnitTests.CommonShared.projitems*{04f3d823-abea-46dd-9ec2-56c08ca074db}*SharedItemsImports = 4
		UnitTests.CommonShared\UnitTests.CommonShared.projitems*{13ab4ad2-d077-48e0-b6f2-791bc25eb413}*SharedItemsImports = 13
		..\..\source\HolisticWare.Core.Math.Statistics.Descriptive.Sequential\HolisticWare.Core.Math.Statistics.Descriptive.Sequential.projitems*{920d7d0f-3fae-4c77-9174-23e7a4e80e50}*SharedItemsImports = 13
		..\..\externals\Core.Math.Samples\tests\data\HolisticWare.Core.Math.Samples\HolisticWare.Core.Math.Samples.projitems*{98411f49-ca5e-41c7-81e2-26c9adff255d}*SharedItemsImports = 13
	EndGlobalSection
	GlobalSection(SolutionConfigurationPlatforms) = preSolution
		Debug|Any CPU = Debug|Any CPU
		Release|Any CPU = Release|Any CPU
	EndGlobalSection
	GlobalSection(ProjectConfigurationPlatforms) = postSolution
		{DEFACBA9-2E24-46BD-B3E0-EFF602FA05DC}.Debug|Any CPU.ActiveCfg = Debug|Any CPU
		{DEFACBA9-2E24-46BD-B3E0-EFF602FA05DC}.Debug|Any CPU.Build.0 = Debug|Any CPU
		{DEFACBA9-2E24-46BD-B3E0-EFF602FA05DC}.Release|Any CPU.ActiveCfg = Release|Any CPU
		{DEFACBA9-2E24-46BD-B3E0-EFF602FA05DC}.Release|Any CPU.Build.0 = Release|Any CPU
		{04F3D823-ABEA-46DD-9EC2-56C08CA074DB}.Debug|Any CPU.ActiveCfg = Debug|Any CPU
		{04F3D823-ABEA-46DD-9EC2-56C08CA074DB}.Debug|Any CPU.Build.0 = Debug|Any CPU
		{04F3D823-ABEA-46DD-9EC2-56C08CA074DB}.Release|Any CPU.ActiveCfg = Release|Any CPU
		{04F3D823-ABEA-46DD-9EC2-56C08CA074DB}.Release|Any CPU.Build.0 = Release|Any CPU
		{83BFBF24-CD48-42AC-ADD0-9255405EA007}.Debug|Any CPU.ActiveCfg = Debug|Any CPU
		{83BFBF24-CD48-42AC-ADD0-9255405EA007}.Debug|Any CPU.Build.0 = Debug|Any CPU
		{83BFBF24-CD48-42AC-ADD0-9255405EA007}.Release|Any CPU.ActiveCfg = Release|Any CPU
		{83BFBF24-CD48-42AC-ADD0-9255405EA007}.Release|Any CPU.Build.0 = Release|Any CPU
		{9F02C2A3-1007-424C-9B59-2DE1CD8AA093}.Debug|Any CPU.ActiveCfg = Debug|Any CPU
		{9F02C2A3-1007-424C-9B59-2DE1CD8AA093}.Debug|Any CPU.Build.0 = Debug|Any CPU
		{9F02C2A3-1007-424C-9B59-2DE1CD8AA093}.Release|Any CPU.ActiveCfg = Release|Any CPU
		{9F02C2A3-1007-424C-9B59-2DE1CD8AA093}.Release|Any CPU.Build.0 = Release|Any CPU
		{A8E79CF3-AF9D-4953-92C3-0CCB80210D9F}.Debug|Any CPU.ActiveCfg = Debug|Any CPU
		{A8E79CF3-AF9D-4953-92C3-0CCB80210D9F}.Debug|Any CPU.Build.0 = Debug|Any CPU
		{A8E79CF3-AF9D-4953-92C3-0CCB80210D9F}.Release|Any CPU.ActiveCfg = Release|Any CPU
		{A8E79CF3-AF9D-4953-92C3-0CCB80210D9F}.Release|Any CPU.Build.0 = Release|Any CPU
	EndGlobalSection
	GlobalSection(SolutionProperties) = preSolution
		HideSolutionNode = FALSE
	EndGlobalSection
	GlobalSection(NestedProjects) = preSolution
		{920D7D0F-3FAE-4C77-9174-23E7A4E80E50} = {56123580-99E9-45AC-8300-ABF8EE1D021E}
		{DEFACBA9-2E24-46BD-B3E0-EFF602FA05DC} = {56123580-99E9-45AC-8300-ABF8EE1D021E}
		{83BFBF24-CD48-42AC-ADD0-9255405EA007} = {56123580-99E9-45AC-8300-ABF8EE1D021E}
		{69B20DD6-58F6-4701-B081-9B09E8B697D3} = {3799F198-4FDB-4BFF-811E-D12EEB39D00C}
		{98411F49-CA5E-41C7-81E2-26C9ADFF255D} = {69B20DD6-58F6-4701-B081-9B09E8B697D3}
	EndGlobalSection
	GlobalSection(ExtensibilityGlobals) = postSolution
		SolutionGuid = {1C1050BB-FA82-4A11-A657-2CFEF4057B3A}
	EndGlobalSection
EndGlobal
