
Microsoft Visual Studio Solution File, Format Version 12.00
# Visual Studio Version 16
VisualStudioVersion = 16.0.30105.148
MinimumVisualStudioVersion = 10.0.40219.1
Project("{2150E333-8FDC-42A3-9474-1A3956D46DE8}") = "source", "source", "{56123580-99E9-45AC-8300-ABF8EE1D021E}"
EndProject
Project("{D954291E-2A0B-460D-934E-DC6B0785DB48}") = "Tests.CommonShared", "..\..\Tests.CommonShared\Tests.CommonShared.shproj", "{13AB4AD2-D077-48E0-B6F2-791BC25EB413}"
EndProject
Project("{2150E333-8FDC-42A3-9474-1A3956D46DE8}") = "externals", "externals", "{3799F198-4FDB-4BFF-811E-D12EEB39D00C}"
EndProject
Project("{D954291E-2A0B-460D-934E-DC6B0785DB48}") = "HolisticWare.Core.Text", "..\..\..\externals\Core.Text\source\HolisticWare.Core.Text\HolisticWare.Core.Text.shproj", "{921CFEA5-564C-4975-A20F-8CAD32EA88E3}"
EndProject
Project("{9A19103F-16F7-4668-BE54-9A1E7A4F7556}") = "HolisticWare.Core.Text.NetStandard10", "..\..\..\externals\Core.Text\source\HolisticWare.Core.Text.NetStandard10\HolisticWare.Core.Text.NetStandard10.csproj", "{5B8DBA01-2E5F-457A-9895-A9A4759D1D43}"
EndProject
Project("{9A19103F-16F7-4668-BE54-9A1E7A4F7556}") = "HolisticWare.Core.Text.NetStandard11", "..\..\..\externals\Core.Text\source\HolisticWare.Core.Text.NetStandard11\HolisticWare.Core.Text.NetStandard11.csproj", "{18C2D1F9-A0F6-4A04-9CFF-DF984242395B}"
EndProject
Project("{2150E333-8FDC-42A3-9474-1A3956D46DE8}") = "data", "data", "{69B20DD6-58F6-4701-B081-9B09E8B697D3}"
EndProject
Project("{9A19103F-16F7-4668-BE54-9A1E7A4F7556}") = "HolisticWare.Core.Sample.Data", "..\..\..\externals\Core.Math.Samples\data\HolisticWare.Core.Sample.Data\HolisticWare.Core.Sample.Data.csproj", "{77693571-4115-4F66-BDA5-E198F6EE5DF8}"
EndProject
Project("{D954291E-2A0B-460D-934E-DC6B0785DB48}") = "UnitTests.Common.Utils.Shared", "..\UnitTests.Common.Utils.Shared\UnitTests.Common.Utils.Shared.shproj", "{E390F6DA-9F4B-43A4-8ABF-F9434DF2C70D}"
EndProject
Project("{2150E333-8FDC-42A3-9474-1A3956D46DE8}") = "netstandard10", "netstandard10", "{C362EF23-0582-49A5-A658-3F12E0885F1C}"
EndProject
Project("{2150E333-8FDC-42A3-9474-1A3956D46DE8}") = "netstandard11", "netstandard11", "{E6C82F31-6175-4419-8764-5BC669C1F69A}"
EndProject
Project("{9A19103F-16F7-4668-BE54-9A1E7A4F7556}") = "UnitTests.MSTest.netstandard1.0", "netstandard10\UnitTests.MSTest\UnitTests.MSTest.netstandard1.0.csproj", "{ED0C66AC-EAE7-4CD0-BF81-DF5D8D3B2E58}"
EndProject
Project("{9A19103F-16F7-4668-BE54-9A1E7A4F7556}") = "UnitTests.XUnit.netstandard1.0", "netstandard10\UnitTests.XUnit\UnitTests.XUnit.netstandard1.0.csproj", "{20720034-0C48-47D1-9B31-743088366300}"
EndProject
Project("{9A19103F-16F7-4668-BE54-9A1E7A4F7556}") = "UnitTests.XUnit.netstandard1.1", "netstandard11\UnitTests.XUnit\UnitTests.XUnit.netstandard1.1.csproj", "{A97CA1A7-8907-4FA1-A3E5-1FE618E14344}"
EndProject
Project("{9A19103F-16F7-4668-BE54-9A1E7A4F7556}") = "UnitTests.MSTest.netstandard1.1", "netstandard11\UnitTests.MSTest\UnitTests.MSTest.netstandard1.1.csproj", "{0BDBDE60-AFE4-46AC-993E-0F03AF38ADB8}"
EndProject
Project("{FAE04EC0-301F-11D3-BF4B-00C04F79EFBC}") = "UnitTests.NUnit.XamarinIOS.netstandard1.0", "netstandard10\UnitTests.NUnit.XamarinIOS\UnitTests.NUnit.XamarinIOS.netstandard1.0.csproj", "{454143FE-45E8-48CE-AE04-71BFB0B413DB}"
EndProject
Project("{FAE04EC0-301F-11D3-BF4B-00C04F79EFBC}") = "UnitTests.NUnit.netstandard1.1", "netstandard11\UnitTests.NUnit\UnitTests.NUnit.netstandard1.1.csproj", "{9C7F5D33-0492-4979-8DD0-CCE5654ABE68}"
EndProject
Project("{FAE04EC0-301F-11D3-BF4B-00C04F79EFBC}") = "UnitTests.NUnit.netstandard1.0", "netstandard10\UnitTests.NUnit\UnitTests.NUnit.netstandard1.0.csproj", "{DD4AC4FC-52B0-49F2-85DE-6E6C441F5207}"
EndProject
Project("{FAE04EC0-301F-11D3-BF4B-00C04F79EFBC}") = "HolisticWare.Core.Linq.NetStandard11", "..\..\..\externals\Core.Linq\source\HolisticWare.Core.Linq.NetStandard11\HolisticWare.Core.Linq.NetStandard11.csproj", "{E2010183-9928-4556-9D64-6626D8B0EE8A}"
EndProject
Project("{FAE04EC0-301F-11D3-BF4B-00C04F79EFBC}") = "HolisticWare.Core.Linq.NetStandard10", "..\..\..\externals\Core.Linq\source\HolisticWare.Core.Linq.NetStandard10\HolisticWare.Core.Linq.NetStandard10.csproj", "{E8B1F66F-1E9C-400B-A020-C1151F057B80}"
EndProject
Project("{2150E333-8FDC-42A3-9474-1A3956D46DE8}") = "Core.Linq", "Core.Linq", "{6D53F8B4-3C6B-44D3-82FA-7A7D2A95FBF4}"
EndProject
Project("{2150E333-8FDC-42A3-9474-1A3956D46DE8}") = "Core.Text", "Core.Text", "{8968ADFB-A9FA-4A81-AA7F-C340296F01A9}"
EndProject
Project("{D954291E-2A0B-460D-934E-DC6B0785DB48}") = "HolisticWare.Core.Linq", "..\..\..\externals\Core.Linq\source\HolisticWare.Core.Linq\HolisticWare.Core.Linq.shproj", "{57B0EB28-7B4E-410D-B021-0DC9D719C11F}"
EndProject
Project("{2150E333-8FDC-42A3-9474-1A3956D46DE8}") = "tests", "tests", "{4F8C1E03-F782-4A67-B68E-64E9246E28D4}"
EndProject
Project("{2150E333-8FDC-42A3-9474-1A3956D46DE8}") = "Solution Items", "Solution Items", "{36B9D25A-40E6-47C2-AD91-6EF9EF420571}"
	ProjectSection(SolutionItems) = preProject
		..\..\..\README.md = ..\..\..\README.md
	EndProjectSection
EndProject
Project("{D954291E-2A0B-460D-934E-DC6B0785DB48}") = "HolisticWare.Core.Math.Statistics.Descriptive.Sequential.common-shared", "..\..\..\source\HolisticWare.Core.Math.Statistics.Descriptive.Sequential.common-shared\HolisticWare.Core.Math.Statistics.Descriptive.Sequential.common-shared.shproj", "{97322730-7912-4331-8881-DF029EF7CDD1}"
EndProject
Project("{9A19103F-16F7-4668-BE54-9A1E7A4F7556}") = "HolisticWare.Core.Math.Statistics.Descriptive.Sequential.netstandard10", "..\..\..\source\HolisticWare.Core.Math.Statistics.Descriptive.Sequential.netstandard10\HolisticWare.Core.Math.Statistics.Descriptive.Sequential.netstandard10.csproj", "{AA9D0357-6A77-41D4-BB7A-CC4111EC1501}"
EndProject
Project("{9A19103F-16F7-4668-BE54-9A1E7A4F7556}") = "HolisticWare.Core.Math.Statistics.Descriptive.Sequential.netstandard11", "..\..\..\source\HolisticWare.Core.Math.Statistics.Descriptive.Sequential.netstandard11\HolisticWare.Core.Math.Statistics.Descriptive.Sequential.netstandard11.csproj", "{169C37E6-B0C7-43D6-B68A-F93224ACBF56}"
EndProject
Project("{9A19103F-16F7-4668-BE54-9A1E7A4F7556}") = "HolisticWare.Core.Math.Statistics.Descriptive.Sequential.netstandard13", "..\..\..\source\HolisticWare.Core.Math.Statistics.Descriptive.Sequential.netstandard13\HolisticWare.Core.Math.Statistics.Descriptive.Sequential.netstandard13.csproj", "{2745EF70-09F1-4297-9C0F-4294F37A1D75}"
EndProject
Project("{9A19103F-16F7-4668-BE54-9A1E7A4F7556}") = "HolisticWare.Core.Memory.netstandard11", "..\..\..\source\HolisticWare.Core.Memory.netstandard11\HolisticWare.Core.Memory.netstandard11.csproj", "{D98FDBAC-B38C-4AA3-9916-FCC383068A80}"
EndProject
Project("{D954291E-2A0B-460D-934E-DC6B0785DB48}") = "HolisticWare.Core.Math.Statistics.Descriptive.MatlabOctave.Sequential.common-shared", "..\..\..\source\HolisticWare.Core.Math.Statistics.Descriptive.MatlabOctave.Sequential.common-shared\HolisticWare.Core.Math.Statistics.Descriptive.MatlabOctave.Sequential.common-shared.shproj", "{F397F3AE-7B7B-49F3-9BA4-8DED2C63813A}"
EndProject
Project("{9A19103F-16F7-4668-BE54-9A1E7A4F7556}") = "HolisticWare.Core.Math.Statistics.Descriptive.MatlabOctave.Sequential.netstandard10", "..\..\..\source\HolisticWare.Core.Math.Statistics.Descriptive.MatlabOctave.Sequential.netstandard10\HolisticWare.Core.Math.Statistics.Descriptive.MatlabOctave.Sequential.netstandard10.csproj", "{9FF4B3A0-DE75-4322-8D35-E35650D9011D}"
EndProject
Project("{9A19103F-16F7-4668-BE54-9A1E7A4F7556}") = "HolisticWare.Core.Math.Statistics.Descriptive.MatlabOctave.Sequential.netstandard11", "..\..\..\source\HolisticWare.Core.Math.Statistics.Descriptive.MatlabOctave.Sequential.netstandard11\HolisticWare.Core.Math.Statistics.Descriptive.MatlabOctave.Sequential.netstandard11.csproj", "{8129F10D-07A6-4C38-8299-D2B582954733}"
EndProject
Project("{D954291E-2A0B-460D-934E-DC6B0785DB48}") = "HolisticWare.Core.Math.Statistics.Descriptive.Python.Sequential.common-shared", "..\..\..\source\HolisticWare.Core.Math.Statistics.Descriptive.Python.Sequential.common-shared\HolisticWare.Core.Math.Statistics.Descriptive.Python.Sequential.common-shared.shproj", "{F1A161A2-B393-48EF-960D-89D208BC14E2}"
EndProject
Project("{9A19103F-16F7-4668-BE54-9A1E7A4F7556}") = "HolisticWare.Core.Math.Statistics.Descriptive.Python.Sequential.netstandard10", "..\..\..\source\HolisticWare.Core.Math.Statistics.Descriptive.Python.Sequential.netstandard10\HolisticWare.Core.Math.Statistics.Descriptive.Python.Sequential.netstandard10.csproj", "{EE24D849-FFB7-4582-8FE5-F4BBB575CC74}"
EndProject
Project("{9A19103F-16F7-4668-BE54-9A1E7A4F7556}") = "HolisticWare.Core.Math.Statistics.Descriptive.Python.Sequential.netstandard11", "..\..\..\source\HolisticWare.Core.Math.Statistics.Descriptive.Python.Sequential.netstandard11\HolisticWare.Core.Math.Statistics.Descriptive.Python.Sequential.netstandard11.csproj", "{FB246FBC-1529-45D0-9B2A-50011C17BC32}"
EndProject
Project("{D954291E-2A0B-460D-934E-DC6B0785DB48}") = "HolisticWare.Core.Math.Statistics.Descriptive.R.Sequential.common-shared", "..\..\..\source\HolisticWare.Core.Math.Statistics.Descriptive.R.Sequential.common-shared\HolisticWare.Core.Math.Statistics.Descriptive.R.Sequential.common-shared.shproj", "{9C40B7D2-F296-4134-9B87-23D5B137B69D}"
EndProject
Project("{9A19103F-16F7-4668-BE54-9A1E7A4F7556}") = "HolisticWare.Core.Math.Statistics.Descriptive.R.Sequential.netstandard10", "..\..\..\source\HolisticWare.Core.Math.Statistics.Descriptive.R.Sequential.netstandard10\HolisticWare.Core.Math.Statistics.Descriptive.R.Sequential.netstandard10.csproj", "{EE2FB370-174C-48E5-9FE4-8B0237CABC58}"
EndProject
Project("{9A19103F-16F7-4668-BE54-9A1E7A4F7556}") = "HolisticWare.Core.Math.Statistics.Descriptive.R.Sequential.netstandard11", "..\..\..\source\HolisticWare.Core.Math.Statistics.Descriptive.R.Sequential.netstandard11\HolisticWare.Core.Math.Statistics.Descriptive.R.Sequential.netstandard11.csproj", "{45FFBBEB-61B8-4F1B-BFED-CD320302359C}"
EndProject
Project("{D954291E-2A0B-460D-934E-DC6B0785DB48}") = "HolisticWare.Core.Math.Statistics.Descriptive.Sequential.netstandard10-shared", "..\..\..\source\HolisticWare.Core.Math.Statistics.Descriptive.Sequential.netstandard10-shared\HolisticWare.Core.Math.Statistics.Descriptive.Sequential.netstandard10-shared.shproj", "{DAD0910B-C8CA-43DD-8F56-515B07378286}"
EndProject
Project("{D954291E-2A0B-460D-934E-DC6B0785DB48}") = "HolisticWare.Core.Math.Statistics.Descriptive.Sequential.netstandard11-shared", "..\..\..\source\HolisticWare.Core.Math.Statistics.Descriptive.Sequential.netstandard11-shared\HolisticWare.Core.Math.Statistics.Descriptive.Sequential.netstandard11-shared.shproj", "{8C5A835E-F9AE-44F2-912D-FFB4D8FF2785}"
EndProject
Project("{D954291E-2A0B-460D-934E-DC6B0785DB48}") = "HolisticWare.Core.Math.Statistics.Descriptive.Sequential.netstandard13-shared", "..\..\..\source\HolisticWare.Core.Math.Statistics.Descriptive.Sequential.netstandard13-shared\HolisticWare.Core.Math.Statistics.Descriptive.Sequential.netstandard13-shared.shproj", "{FCBEE8CE-0757-4FF9-A0A0-1D1DA62BDFDF}"
EndProject
Global
	GlobalSection(SharedMSBuildProjectFiles) = preSolution
		..\..\Tests.CommonShared\Tests.CommonShared.projitems*{0bdbde60-afe4-46ac-993e-0f03af38adb8}*SharedItemsImports = 5
		..\UnitTests.Common.Utils.Shared\UnitTests.Common.Utils.Shared.projitems*{0bdbde60-afe4-46ac-993e-0f03af38adb8}*SharedItemsImports = 5
		..\..\Tests.CommonShared\Tests.CommonShared.projitems*{13ab4ad2-d077-48e0-b6f2-791bc25eb413}*SharedItemsImports = 13
		..\..\..\source\HolisticWare.Core.Math.Statistics.Descriptive.Sequential.netstandard10-shared\HolisticWare.Core.Math.Statistics.Descriptive.Sequential.netstandard10-shared.projitems*{169c37e6-b0c7-43d6-b68a-f93224acbf56}*SharedItemsImports = 5
		..\..\..\source\HolisticWare.Core.Math.Statistics.Descriptive.Sequential.netstandard11-shared\HolisticWare.Core.Math.Statistics.Descriptive.Sequential.netstandard11-shared.projitems*{169c37e6-b0c7-43d6-b68a-f93224acbf56}*SharedItemsImports = 5
		..\..\..\externals\Core.Text\source\HolisticWare.Core.Text\HolisticWare.Core.Text.projitems*{18c2d1f9-a0f6-4a04-9cff-df984242395b}*SharedItemsImports = 5
		..\..\Tests.CommonShared\Tests.CommonShared.projitems*{20720034-0c48-47d1-9b31-743088366300}*SharedItemsImports = 5
		..\UnitTests.Common.Utils.Shared\UnitTests.Common.Utils.Shared.projitems*{20720034-0c48-47d1-9b31-743088366300}*SharedItemsImports = 5
		..\..\..\source\HolisticWare.Core.Math.Statistics.Descriptive.Sequential.common-shared\HolisticWare.Core.Math.Statistics.Descriptive.Sequential.common-shared.projitems*{2745ef70-09f1-4297-9c0f-4294f37a1d75}*SharedItemsImports = 5
		..\..\..\source\HolisticWare.Core.Math.Statistics.Descriptive.Sequential.netstandard13-shared\HolisticWare.Core.Math.Statistics.Descriptive.Sequential.netstandard13-shared.projitems*{2745ef70-09f1-4297-9c0f-4294f37a1d75}*SharedItemsImports = 5
		..\..\Tests.CommonShared\Tests.CommonShared.projitems*{454143fe-45e8-48ce-ae04-71bfb0b413db}*SharedItemsImports = 4
		..\UnitTests.Common.Utils.Shared\UnitTests.Common.Utils.Shared.projitems*{454143fe-45e8-48ce-ae04-71bfb0b413db}*SharedItemsImports = 4
		..\..\..\externals\Core.Text\source\HolisticWare.Core.Text\HolisticWare.Core.Text.projitems*{5b8dba01-2e5f-457a-9895-a9a4759d1d43}*SharedItemsImports = 5
		..\..\..\source\HolisticWare.Core.Math.Statistics.Descriptive.Sequential.netstandard11-shared\HolisticWare.Core.Math.Statistics.Descriptive.Sequential.netstandard11-shared.projitems*{8c5a835e-f9ae-44f2-912d-ffb4d8ff2785}*SharedItemsImports = 13
		..\..\..\externals\Core.Text\source\HolisticWare.Core.Text\HolisticWare.Core.Text.projitems*{921cfea5-564c-4975-a20f-8cad32ea88e3}*SharedItemsImports = 13
		..\..\..\source\HolisticWare.Core.Math.Statistics.Descriptive.Sequential.common-shared\HolisticWare.Core.Math.Statistics.Descriptive.Sequential.common-shared.projitems*{97322730-7912-4331-8881-df029ef7cdd1}*SharedItemsImports = 13
		..\..\..\source\HolisticWare.Core.Math.Statistics.Descriptive.R.Sequential.common-shared\HolisticWare.Core.Math.Statistics.Descriptive.R.Sequential.common-shared.projitems*{9c40b7d2-f296-4134-9b87-23d5b137b69d}*SharedItemsImports = 13
		..\..\Tests.CommonShared\Tests.CommonShared.projitems*{9c7f5d33-0492-4979-8dd0-cce5654abe68}*SharedItemsImports = 4
		..\UnitTests.Common.Utils.Shared\UnitTests.Common.Utils.Shared.projitems*{9c7f5d33-0492-4979-8dd0-cce5654abe68}*SharedItemsImports = 4
		..\..\Tests.CommonShared\Tests.CommonShared.projitems*{a97ca1a7-8907-4fa1-a3e5-1fe618e14344}*SharedItemsImports = 5
		..\UnitTests.Common.Utils.Shared\UnitTests.Common.Utils.Shared.projitems*{a97ca1a7-8907-4fa1-a3e5-1fe618e14344}*SharedItemsImports = 5
		HolisticWare.Core.Math.Statistics.Descriptive.Sequential.common-shared\HolisticWare.Core.Math.Statistics.Descriptive.Sequential.common-shared.projitems*{aa9d0357-6a77-41d4-bb7a-cc4111ec1501}*SharedItemsImports = 5
		HolisticWare.Core.Math.Statistics.Descriptive.Sequential.netstandard10-shared\HolisticWare.Core.Math.Statistics.Descriptive.Sequential.netstandard10-shared.projitems*{aa9d0357-6a77-41d4-bb7a-cc4111ec1501}*SharedItemsImports = 5
		..\..\..\source\HolisticWare.Core.Math.Statistics.Descriptive.Sequential.netstandard10-shared\HolisticWare.Core.Math.Statistics.Descriptive.Sequential.netstandard10-shared.projitems*{dad0910b-c8ca-43dd-8f56-515b07378286}*SharedItemsImports = 13
		..\..\Tests.CommonShared\Tests.CommonShared.projitems*{dd4ac4fc-52b0-49f2-85de-6e6c441f5207}*SharedItemsImports = 4
		..\UnitTests.Common.Utils.Shared\UnitTests.Common.Utils.Shared.projitems*{dd4ac4fc-52b0-49f2-85de-6e6c441f5207}*SharedItemsImports = 4
		..\UnitTests.Common.Utils.Shared\UnitTests.Common.Utils.Shared.projitems*{e390f6da-9f4b-43a4-8abf-f9434df2c70d}*SharedItemsImports = 13
		..\..\Tests.CommonShared\Tests.CommonShared.projitems*{ed0c66ac-eae7-4cd0-bf81-df5d8d3b2e58}*SharedItemsImports = 5
		..\UnitTests.Common.Utils.Shared\UnitTests.Common.Utils.Shared.projitems*{ed0c66ac-eae7-4cd0-bf81-df5d8d3b2e58}*SharedItemsImports = 5
		..\..\..\source\HolisticWare.Core.Math.Statistics.Descriptive.Python.Sequential.common-shared\HolisticWare.Core.Math.Statistics.Descriptive.Python.Sequential.common-shared.projitems*{f1a161a2-b393-48ef-960d-89d208bc14e2}*SharedItemsImports = 13
		..\..\..\source\HolisticWare.Core.Math.Statistics.Descriptive.Sequential.netstandard13-shared\HolisticWare.Core.Math.Statistics.Descriptive.Sequential.netstandard13-shared.projitems*{fcbee8ce-0757-4ff9-a0a0-1d1da62bdfdf}*SharedItemsImports = 13
	EndGlobalSection
	GlobalSection(SolutionConfigurationPlatforms) = preSolution
		Debug|Any CPU = Debug|Any CPU
		Debug|iPhone = Debug|iPhone
		Debug|iPhoneSimulator = Debug|iPhoneSimulator
		Release|Any CPU = Release|Any CPU
		Release|iPhone = Release|iPhone
		Release|iPhoneSimulator = Release|iPhoneSimulator
	EndGlobalSection
	GlobalSection(ProjectConfigurationPlatforms) = postSolution
		{5B8DBA01-2E5F-457A-9895-A9A4759D1D43}.Debug|Any CPU.ActiveCfg = Debug|Any CPU
		{5B8DBA01-2E5F-457A-9895-A9A4759D1D43}.Debug|Any CPU.Build.0 = Debug|Any CPU
		{5B8DBA01-2E5F-457A-9895-A9A4759D1D43}.Debug|iPhone.ActiveCfg = Debug|Any CPU
		{5B8DBA01-2E5F-457A-9895-A9A4759D1D43}.Debug|iPhone.Build.0 = Debug|Any CPU
		{5B8DBA01-2E5F-457A-9895-A9A4759D1D43}.Debug|iPhoneSimulator.ActiveCfg = Debug|Any CPU
		{5B8DBA01-2E5F-457A-9895-A9A4759D1D43}.Debug|iPhoneSimulator.Build.0 = Debug|Any CPU
		{5B8DBA01-2E5F-457A-9895-A9A4759D1D43}.Release|Any CPU.ActiveCfg = Release|Any CPU
		{5B8DBA01-2E5F-457A-9895-A9A4759D1D43}.Release|Any CPU.Build.0 = Release|Any CPU
		{5B8DBA01-2E5F-457A-9895-A9A4759D1D43}.Release|iPhone.ActiveCfg = Release|Any CPU
		{5B8DBA01-2E5F-457A-9895-A9A4759D1D43}.Release|iPhone.Build.0 = Release|Any CPU
		{5B8DBA01-2E5F-457A-9895-A9A4759D1D43}.Release|iPhoneSimulator.ActiveCfg = Release|Any CPU
		{5B8DBA01-2E5F-457A-9895-A9A4759D1D43}.Release|iPhoneSimulator.Build.0 = Release|Any CPU
		{18C2D1F9-A0F6-4A04-9CFF-DF984242395B}.Debug|Any CPU.ActiveCfg = Debug|Any CPU
		{18C2D1F9-A0F6-4A04-9CFF-DF984242395B}.Debug|Any CPU.Build.0 = Debug|Any CPU
		{18C2D1F9-A0F6-4A04-9CFF-DF984242395B}.Debug|iPhone.ActiveCfg = Debug|Any CPU
		{18C2D1F9-A0F6-4A04-9CFF-DF984242395B}.Debug|iPhone.Build.0 = Debug|Any CPU
		{18C2D1F9-A0F6-4A04-9CFF-DF984242395B}.Debug|iPhoneSimulator.ActiveCfg = Debug|Any CPU
		{18C2D1F9-A0F6-4A04-9CFF-DF984242395B}.Debug|iPhoneSimulator.Build.0 = Debug|Any CPU
		{18C2D1F9-A0F6-4A04-9CFF-DF984242395B}.Release|Any CPU.ActiveCfg = Release|Any CPU
		{18C2D1F9-A0F6-4A04-9CFF-DF984242395B}.Release|Any CPU.Build.0 = Release|Any CPU
		{18C2D1F9-A0F6-4A04-9CFF-DF984242395B}.Release|iPhone.ActiveCfg = Release|Any CPU
		{18C2D1F9-A0F6-4A04-9CFF-DF984242395B}.Release|iPhone.Build.0 = Release|Any CPU
		{18C2D1F9-A0F6-4A04-9CFF-DF984242395B}.Release|iPhoneSimulator.ActiveCfg = Release|Any CPU
		{18C2D1F9-A0F6-4A04-9CFF-DF984242395B}.Release|iPhoneSimulator.Build.0 = Release|Any CPU
		{77693571-4115-4F66-BDA5-E198F6EE5DF8}.Debug|Any CPU.ActiveCfg = Debug|Any CPU
		{77693571-4115-4F66-BDA5-E198F6EE5DF8}.Debug|Any CPU.Build.0 = Debug|Any CPU
		{77693571-4115-4F66-BDA5-E198F6EE5DF8}.Debug|iPhone.ActiveCfg = Debug|Any CPU
		{77693571-4115-4F66-BDA5-E198F6EE5DF8}.Debug|iPhone.Build.0 = Debug|Any CPU
		{77693571-4115-4F66-BDA5-E198F6EE5DF8}.Debug|iPhoneSimulator.ActiveCfg = Debug|Any CPU
		{77693571-4115-4F66-BDA5-E198F6EE5DF8}.Debug|iPhoneSimulator.Build.0 = Debug|Any CPU
		{77693571-4115-4F66-BDA5-E198F6EE5DF8}.Release|Any CPU.ActiveCfg = Release|Any CPU
		{77693571-4115-4F66-BDA5-E198F6EE5DF8}.Release|Any CPU.Build.0 = Release|Any CPU
		{77693571-4115-4F66-BDA5-E198F6EE5DF8}.Release|iPhone.ActiveCfg = Release|Any CPU
		{77693571-4115-4F66-BDA5-E198F6EE5DF8}.Release|iPhone.Build.0 = Release|Any CPU
		{77693571-4115-4F66-BDA5-E198F6EE5DF8}.Release|iPhoneSimulator.ActiveCfg = Release|Any CPU
		{77693571-4115-4F66-BDA5-E198F6EE5DF8}.Release|iPhoneSimulator.Build.0 = Release|Any CPU
		{ED0C66AC-EAE7-4CD0-BF81-DF5D8D3B2E58}.Debug|Any CPU.ActiveCfg = Debug|Any CPU
		{ED0C66AC-EAE7-4CD0-BF81-DF5D8D3B2E58}.Debug|Any CPU.Build.0 = Debug|Any CPU
		{ED0C66AC-EAE7-4CD0-BF81-DF5D8D3B2E58}.Debug|iPhone.ActiveCfg = Debug|Any CPU
		{ED0C66AC-EAE7-4CD0-BF81-DF5D8D3B2E58}.Debug|iPhone.Build.0 = Debug|Any CPU
		{ED0C66AC-EAE7-4CD0-BF81-DF5D8D3B2E58}.Debug|iPhoneSimulator.ActiveCfg = Debug|Any CPU
		{ED0C66AC-EAE7-4CD0-BF81-DF5D8D3B2E58}.Debug|iPhoneSimulator.Build.0 = Debug|Any CPU
		{ED0C66AC-EAE7-4CD0-BF81-DF5D8D3B2E58}.Release|Any CPU.ActiveCfg = Release|Any CPU
		{ED0C66AC-EAE7-4CD0-BF81-DF5D8D3B2E58}.Release|Any CPU.Build.0 = Release|Any CPU
		{ED0C66AC-EAE7-4CD0-BF81-DF5D8D3B2E58}.Release|iPhone.ActiveCfg = Release|Any CPU
		{ED0C66AC-EAE7-4CD0-BF81-DF5D8D3B2E58}.Release|iPhone.Build.0 = Release|Any CPU
		{ED0C66AC-EAE7-4CD0-BF81-DF5D8D3B2E58}.Release|iPhoneSimulator.ActiveCfg = Release|Any CPU
		{ED0C66AC-EAE7-4CD0-BF81-DF5D8D3B2E58}.Release|iPhoneSimulator.Build.0 = Release|Any CPU
		{20720034-0C48-47D1-9B31-743088366300}.Debug|Any CPU.ActiveCfg = Debug|Any CPU
		{20720034-0C48-47D1-9B31-743088366300}.Debug|Any CPU.Build.0 = Debug|Any CPU
		{20720034-0C48-47D1-9B31-743088366300}.Debug|iPhone.ActiveCfg = Debug|Any CPU
		{20720034-0C48-47D1-9B31-743088366300}.Debug|iPhone.Build.0 = Debug|Any CPU
		{20720034-0C48-47D1-9B31-743088366300}.Debug|iPhoneSimulator.ActiveCfg = Debug|Any CPU
		{20720034-0C48-47D1-9B31-743088366300}.Debug|iPhoneSimulator.Build.0 = Debug|Any CPU
		{20720034-0C48-47D1-9B31-743088366300}.Release|Any CPU.ActiveCfg = Release|Any CPU
		{20720034-0C48-47D1-9B31-743088366300}.Release|Any CPU.Build.0 = Release|Any CPU
		{20720034-0C48-47D1-9B31-743088366300}.Release|iPhone.ActiveCfg = Release|Any CPU
		{20720034-0C48-47D1-9B31-743088366300}.Release|iPhone.Build.0 = Release|Any CPU
		{20720034-0C48-47D1-9B31-743088366300}.Release|iPhoneSimulator.ActiveCfg = Release|Any CPU
		{20720034-0C48-47D1-9B31-743088366300}.Release|iPhoneSimulator.Build.0 = Release|Any CPU
		{A97CA1A7-8907-4FA1-A3E5-1FE618E14344}.Debug|Any CPU.ActiveCfg = Debug|Any CPU
		{A97CA1A7-8907-4FA1-A3E5-1FE618E14344}.Debug|Any CPU.Build.0 = Debug|Any CPU
		{A97CA1A7-8907-4FA1-A3E5-1FE618E14344}.Debug|iPhone.ActiveCfg = Debug|Any CPU
		{A97CA1A7-8907-4FA1-A3E5-1FE618E14344}.Debug|iPhone.Build.0 = Debug|Any CPU
		{A97CA1A7-8907-4FA1-A3E5-1FE618E14344}.Debug|iPhoneSimulator.ActiveCfg = Debug|Any CPU
		{A97CA1A7-8907-4FA1-A3E5-1FE618E14344}.Debug|iPhoneSimulator.Build.0 = Debug|Any CPU
		{A97CA1A7-8907-4FA1-A3E5-1FE618E14344}.Release|Any CPU.ActiveCfg = Release|Any CPU
		{A97CA1A7-8907-4FA1-A3E5-1FE618E14344}.Release|Any CPU.Build.0 = Release|Any CPU
		{A97CA1A7-8907-4FA1-A3E5-1FE618E14344}.Release|iPhone.ActiveCfg = Release|Any CPU
		{A97CA1A7-8907-4FA1-A3E5-1FE618E14344}.Release|iPhone.Build.0 = Release|Any CPU
		{A97CA1A7-8907-4FA1-A3E5-1FE618E14344}.Release|iPhoneSimulator.ActiveCfg = Release|Any CPU
		{A97CA1A7-8907-4FA1-A3E5-1FE618E14344}.Release|iPhoneSimulator.Build.0 = Release|Any CPU
		{0BDBDE60-AFE4-46AC-993E-0F03AF38ADB8}.Debug|Any CPU.ActiveCfg = Debug|Any CPU
		{0BDBDE60-AFE4-46AC-993E-0F03AF38ADB8}.Debug|Any CPU.Build.0 = Debug|Any CPU
		{0BDBDE60-AFE4-46AC-993E-0F03AF38ADB8}.Debug|iPhone.ActiveCfg = Debug|Any CPU
		{0BDBDE60-AFE4-46AC-993E-0F03AF38ADB8}.Debug|iPhone.Build.0 = Debug|Any CPU
		{0BDBDE60-AFE4-46AC-993E-0F03AF38ADB8}.Debug|iPhoneSimulator.ActiveCfg = Debug|Any CPU
		{0BDBDE60-AFE4-46AC-993E-0F03AF38ADB8}.Debug|iPhoneSimulator.Build.0 = Debug|Any CPU
		{0BDBDE60-AFE4-46AC-993E-0F03AF38ADB8}.Release|Any CPU.ActiveCfg = Release|Any CPU
		{0BDBDE60-AFE4-46AC-993E-0F03AF38ADB8}.Release|Any CPU.Build.0 = Release|Any CPU
		{0BDBDE60-AFE4-46AC-993E-0F03AF38ADB8}.Release|iPhone.ActiveCfg = Release|Any CPU
		{0BDBDE60-AFE4-46AC-993E-0F03AF38ADB8}.Release|iPhone.Build.0 = Release|Any CPU
		{0BDBDE60-AFE4-46AC-993E-0F03AF38ADB8}.Release|iPhoneSimulator.ActiveCfg = Release|Any CPU
		{0BDBDE60-AFE4-46AC-993E-0F03AF38ADB8}.Release|iPhoneSimulator.Build.0 = Release|Any CPU
		{454143FE-45E8-48CE-AE04-71BFB0B413DB}.Debug|Any CPU.ActiveCfg = Debug|iPhoneSimulator
		{454143FE-45E8-48CE-AE04-71BFB0B413DB}.Debug|Any CPU.Build.0 = Debug|iPhoneSimulator
		{454143FE-45E8-48CE-AE04-71BFB0B413DB}.Debug|iPhone.ActiveCfg = Debug|iPhone
		{454143FE-45E8-48CE-AE04-71BFB0B413DB}.Debug|iPhone.Build.0 = Debug|iPhone
		{454143FE-45E8-48CE-AE04-71BFB0B413DB}.Debug|iPhoneSimulator.ActiveCfg = Debug|iPhoneSimulator
		{454143FE-45E8-48CE-AE04-71BFB0B413DB}.Debug|iPhoneSimulator.Build.0 = Debug|iPhoneSimulator
		{454143FE-45E8-48CE-AE04-71BFB0B413DB}.Release|Any CPU.ActiveCfg = Release|iPhone
		{454143FE-45E8-48CE-AE04-71BFB0B413DB}.Release|Any CPU.Build.0 = Release|iPhone
		{454143FE-45E8-48CE-AE04-71BFB0B413DB}.Release|iPhone.ActiveCfg = Release|iPhone
		{454143FE-45E8-48CE-AE04-71BFB0B413DB}.Release|iPhone.Build.0 = Release|iPhone
		{454143FE-45E8-48CE-AE04-71BFB0B413DB}.Release|iPhoneSimulator.ActiveCfg = Release|iPhoneSimulator
		{454143FE-45E8-48CE-AE04-71BFB0B413DB}.Release|iPhoneSimulator.Build.0 = Release|iPhoneSimulator
		{9C7F5D33-0492-4979-8DD0-CCE5654ABE68}.Debug|Any CPU.ActiveCfg = Debug|Any CPU
		{9C7F5D33-0492-4979-8DD0-CCE5654ABE68}.Debug|Any CPU.Build.0 = Debug|Any CPU
		{9C7F5D33-0492-4979-8DD0-CCE5654ABE68}.Debug|iPhone.ActiveCfg = Debug|Any CPU
		{9C7F5D33-0492-4979-8DD0-CCE5654ABE68}.Debug|iPhone.Build.0 = Debug|Any CPU
		{9C7F5D33-0492-4979-8DD0-CCE5654ABE68}.Debug|iPhoneSimulator.ActiveCfg = Debug|Any CPU
		{9C7F5D33-0492-4979-8DD0-CCE5654ABE68}.Debug|iPhoneSimulator.Build.0 = Debug|Any CPU
		{9C7F5D33-0492-4979-8DD0-CCE5654ABE68}.Release|Any CPU.ActiveCfg = Release|Any CPU
		{9C7F5D33-0492-4979-8DD0-CCE5654ABE68}.Release|Any CPU.Build.0 = Release|Any CPU
		{9C7F5D33-0492-4979-8DD0-CCE5654ABE68}.Release|iPhone.ActiveCfg = Release|Any CPU
		{9C7F5D33-0492-4979-8DD0-CCE5654ABE68}.Release|iPhone.Build.0 = Release|Any CPU
		{9C7F5D33-0492-4979-8DD0-CCE5654ABE68}.Release|iPhoneSimulator.ActiveCfg = Release|Any CPU
		{9C7F5D33-0492-4979-8DD0-CCE5654ABE68}.Release|iPhoneSimulator.Build.0 = Release|Any CPU
		{DD4AC4FC-52B0-49F2-85DE-6E6C441F5207}.Debug|Any CPU.ActiveCfg = Debug|Any CPU
		{DD4AC4FC-52B0-49F2-85DE-6E6C441F5207}.Debug|Any CPU.Build.0 = Debug|Any CPU
		{DD4AC4FC-52B0-49F2-85DE-6E6C441F5207}.Debug|iPhone.ActiveCfg = Debug|Any CPU
		{DD4AC4FC-52B0-49F2-85DE-6E6C441F5207}.Debug|iPhone.Build.0 = Debug|Any CPU
		{DD4AC4FC-52B0-49F2-85DE-6E6C441F5207}.Debug|iPhoneSimulator.ActiveCfg = Debug|Any CPU
		{DD4AC4FC-52B0-49F2-85DE-6E6C441F5207}.Debug|iPhoneSimulator.Build.0 = Debug|Any CPU
		{DD4AC4FC-52B0-49F2-85DE-6E6C441F5207}.Release|Any CPU.ActiveCfg = Release|Any CPU
		{DD4AC4FC-52B0-49F2-85DE-6E6C441F5207}.Release|Any CPU.Build.0 = Release|Any CPU
		{DD4AC4FC-52B0-49F2-85DE-6E6C441F5207}.Release|iPhone.ActiveCfg = Release|Any CPU
		{DD4AC4FC-52B0-49F2-85DE-6E6C441F5207}.Release|iPhone.Build.0 = Release|Any CPU
		{DD4AC4FC-52B0-49F2-85DE-6E6C441F5207}.Release|iPhoneSimulator.ActiveCfg = Release|Any CPU
		{DD4AC4FC-52B0-49F2-85DE-6E6C441F5207}.Release|iPhoneSimulator.Build.0 = Release|Any CPU
		{E2010183-9928-4556-9D64-6626D8B0EE8A}.Debug|Any CPU.ActiveCfg = Debug|Any CPU
		{E2010183-9928-4556-9D64-6626D8B0EE8A}.Debug|Any CPU.Build.0 = Debug|Any CPU
		{E2010183-9928-4556-9D64-6626D8B0EE8A}.Debug|iPhone.ActiveCfg = Debug|Any CPU
		{E2010183-9928-4556-9D64-6626D8B0EE8A}.Debug|iPhone.Build.0 = Debug|Any CPU
		{E2010183-9928-4556-9D64-6626D8B0EE8A}.Debug|iPhoneSimulator.ActiveCfg = Debug|Any CPU
		{E2010183-9928-4556-9D64-6626D8B0EE8A}.Debug|iPhoneSimulator.Build.0 = Debug|Any CPU
		{E2010183-9928-4556-9D64-6626D8B0EE8A}.Release|Any CPU.ActiveCfg = Release|Any CPU
		{E2010183-9928-4556-9D64-6626D8B0EE8A}.Release|Any CPU.Build.0 = Release|Any CPU
		{E2010183-9928-4556-9D64-6626D8B0EE8A}.Release|iPhone.ActiveCfg = Release|Any CPU
		{E2010183-9928-4556-9D64-6626D8B0EE8A}.Release|iPhone.Build.0 = Release|Any CPU
		{E2010183-9928-4556-9D64-6626D8B0EE8A}.Release|iPhoneSimulator.ActiveCfg = Release|Any CPU
		{E2010183-9928-4556-9D64-6626D8B0EE8A}.Release|iPhoneSimulator.Build.0 = Release|Any CPU
		{E8B1F66F-1E9C-400B-A020-C1151F057B80}.Debug|Any CPU.ActiveCfg = Debug|Any CPU
		{E8B1F66F-1E9C-400B-A020-C1151F057B80}.Debug|Any CPU.Build.0 = Debug|Any CPU
		{E8B1F66F-1E9C-400B-A020-C1151F057B80}.Debug|iPhone.ActiveCfg = Debug|Any CPU
		{E8B1F66F-1E9C-400B-A020-C1151F057B80}.Debug|iPhone.Build.0 = Debug|Any CPU
		{E8B1F66F-1E9C-400B-A020-C1151F057B80}.Debug|iPhoneSimulator.ActiveCfg = Debug|Any CPU
		{E8B1F66F-1E9C-400B-A020-C1151F057B80}.Debug|iPhoneSimulator.Build.0 = Debug|Any CPU
		{E8B1F66F-1E9C-400B-A020-C1151F057B80}.Release|Any CPU.ActiveCfg = Release|Any CPU
		{E8B1F66F-1E9C-400B-A020-C1151F057B80}.Release|Any CPU.Build.0 = Release|Any CPU
		{E8B1F66F-1E9C-400B-A020-C1151F057B80}.Release|iPhone.ActiveCfg = Release|Any CPU
		{E8B1F66F-1E9C-400B-A020-C1151F057B80}.Release|iPhone.Build.0 = Release|Any CPU
		{E8B1F66F-1E9C-400B-A020-C1151F057B80}.Release|iPhoneSimulator.ActiveCfg = Release|Any CPU
		{E8B1F66F-1E9C-400B-A020-C1151F057B80}.Release|iPhoneSimulator.Build.0 = Release|Any CPU
		{AA9D0357-6A77-41D4-BB7A-CC4111EC1501}.Debug|Any CPU.ActiveCfg = Debug|Any CPU
		{AA9D0357-6A77-41D4-BB7A-CC4111EC1501}.Debug|Any CPU.Build.0 = Debug|Any CPU
		{AA9D0357-6A77-41D4-BB7A-CC4111EC1501}.Debug|iPhone.ActiveCfg = Debug|Any CPU
		{AA9D0357-6A77-41D4-BB7A-CC4111EC1501}.Debug|iPhone.Build.0 = Debug|Any CPU
		{AA9D0357-6A77-41D4-BB7A-CC4111EC1501}.Debug|iPhoneSimulator.ActiveCfg = Debug|Any CPU
		{AA9D0357-6A77-41D4-BB7A-CC4111EC1501}.Debug|iPhoneSimulator.Build.0 = Debug|Any CPU
		{AA9D0357-6A77-41D4-BB7A-CC4111EC1501}.Release|Any CPU.ActiveCfg = Release|Any CPU
		{AA9D0357-6A77-41D4-BB7A-CC4111EC1501}.Release|Any CPU.Build.0 = Release|Any CPU
		{AA9D0357-6A77-41D4-BB7A-CC4111EC1501}.Release|iPhone.ActiveCfg = Release|Any CPU
		{AA9D0357-6A77-41D4-BB7A-CC4111EC1501}.Release|iPhone.Build.0 = Release|Any CPU
		{AA9D0357-6A77-41D4-BB7A-CC4111EC1501}.Release|iPhoneSimulator.ActiveCfg = Release|Any CPU
		{AA9D0357-6A77-41D4-BB7A-CC4111EC1501}.Release|iPhoneSimulator.Build.0 = Release|Any CPU
		{169C37E6-B0C7-43D6-B68A-F93224ACBF56}.Debug|Any CPU.ActiveCfg = Debug|Any CPU
		{169C37E6-B0C7-43D6-B68A-F93224ACBF56}.Debug|Any CPU.Build.0 = Debug|Any CPU
		{169C37E6-B0C7-43D6-B68A-F93224ACBF56}.Debug|iPhone.ActiveCfg = Debug|Any CPU
		{169C37E6-B0C7-43D6-B68A-F93224ACBF56}.Debug|iPhone.Build.0 = Debug|Any CPU
		{169C37E6-B0C7-43D6-B68A-F93224ACBF56}.Debug|iPhoneSimulator.ActiveCfg = Debug|Any CPU
		{169C37E6-B0C7-43D6-B68A-F93224ACBF56}.Debug|iPhoneSimulator.Build.0 = Debug|Any CPU
		{169C37E6-B0C7-43D6-B68A-F93224ACBF56}.Release|Any CPU.ActiveCfg = Release|Any CPU
		{169C37E6-B0C7-43D6-B68A-F93224ACBF56}.Release|Any CPU.Build.0 = Release|Any CPU
		{169C37E6-B0C7-43D6-B68A-F93224ACBF56}.Release|iPhone.ActiveCfg = Release|Any CPU
		{169C37E6-B0C7-43D6-B68A-F93224ACBF56}.Release|iPhone.Build.0 = Release|Any CPU
		{169C37E6-B0C7-43D6-B68A-F93224ACBF56}.Release|iPhoneSimulator.ActiveCfg = Release|Any CPU
		{169C37E6-B0C7-43D6-B68A-F93224ACBF56}.Release|iPhoneSimulator.Build.0 = Release|Any CPU
		{2745EF70-09F1-4297-9C0F-4294F37A1D75}.Debug|Any CPU.ActiveCfg = Debug|Any CPU
		{2745EF70-09F1-4297-9C0F-4294F37A1D75}.Debug|Any CPU.Build.0 = Debug|Any CPU
		{2745EF70-09F1-4297-9C0F-4294F37A1D75}.Debug|iPhone.ActiveCfg = Debug|Any CPU
		{2745EF70-09F1-4297-9C0F-4294F37A1D75}.Debug|iPhone.Build.0 = Debug|Any CPU
		{2745EF70-09F1-4297-9C0F-4294F37A1D75}.Debug|iPhoneSimulator.ActiveCfg = Debug|Any CPU
		{2745EF70-09F1-4297-9C0F-4294F37A1D75}.Debug|iPhoneSimulator.Build.0 = Debug|Any CPU
		{2745EF70-09F1-4297-9C0F-4294F37A1D75}.Release|Any CPU.ActiveCfg = Release|Any CPU
		{2745EF70-09F1-4297-9C0F-4294F37A1D75}.Release|Any CPU.Build.0 = Release|Any CPU
		{2745EF70-09F1-4297-9C0F-4294F37A1D75}.Release|iPhone.ActiveCfg = Release|Any CPU
		{2745EF70-09F1-4297-9C0F-4294F37A1D75}.Release|iPhone.Build.0 = Release|Any CPU
		{2745EF70-09F1-4297-9C0F-4294F37A1D75}.Release|iPhoneSimulator.ActiveCfg = Release|Any CPU
		{2745EF70-09F1-4297-9C0F-4294F37A1D75}.Release|iPhoneSimulator.Build.0 = Release|Any CPU
		{D98FDBAC-B38C-4AA3-9916-FCC383068A80}.Debug|Any CPU.ActiveCfg = Debug|Any CPU
		{D98FDBAC-B38C-4AA3-9916-FCC383068A80}.Debug|Any CPU.Build.0 = Debug|Any CPU
		{D98FDBAC-B38C-4AA3-9916-FCC383068A80}.Debug|iPhone.ActiveCfg = Debug|Any CPU
		{D98FDBAC-B38C-4AA3-9916-FCC383068A80}.Debug|iPhone.Build.0 = Debug|Any CPU
		{D98FDBAC-B38C-4AA3-9916-FCC383068A80}.Debug|iPhoneSimulator.ActiveCfg = Debug|Any CPU
		{D98FDBAC-B38C-4AA3-9916-FCC383068A80}.Debug|iPhoneSimulator.Build.0 = Debug|Any CPU
		{D98FDBAC-B38C-4AA3-9916-FCC383068A80}.Release|Any CPU.ActiveCfg = Release|Any CPU
		{D98FDBAC-B38C-4AA3-9916-FCC383068A80}.Release|Any CPU.Build.0 = Release|Any CPU
		{D98FDBAC-B38C-4AA3-9916-FCC383068A80}.Release|iPhone.ActiveCfg = Release|Any CPU
		{D98FDBAC-B38C-4AA3-9916-FCC383068A80}.Release|iPhone.Build.0 = Release|Any CPU
		{D98FDBAC-B38C-4AA3-9916-FCC383068A80}.Release|iPhoneSimulator.ActiveCfg = Release|Any CPU
		{D98FDBAC-B38C-4AA3-9916-FCC383068A80}.Release|iPhoneSimulator.Build.0 = Release|Any CPU
		{9FF4B3A0-DE75-4322-8D35-E35650D9011D}.Debug|Any CPU.ActiveCfg = Debug|Any CPU
		{9FF4B3A0-DE75-4322-8D35-E35650D9011D}.Debug|Any CPU.Build.0 = Debug|Any CPU
		{9FF4B3A0-DE75-4322-8D35-E35650D9011D}.Debug|iPhone.ActiveCfg = Debug|Any CPU
		{9FF4B3A0-DE75-4322-8D35-E35650D9011D}.Debug|iPhone.Build.0 = Debug|Any CPU
		{9FF4B3A0-DE75-4322-8D35-E35650D9011D}.Debug|iPhoneSimulator.ActiveCfg = Debug|Any CPU
		{9FF4B3A0-DE75-4322-8D35-E35650D9011D}.Debug|iPhoneSimulator.Build.0 = Debug|Any CPU
		{9FF4B3A0-DE75-4322-8D35-E35650D9011D}.Release|Any CPU.ActiveCfg = Release|Any CPU
		{9FF4B3A0-DE75-4322-8D35-E35650D9011D}.Release|Any CPU.Build.0 = Release|Any CPU
		{9FF4B3A0-DE75-4322-8D35-E35650D9011D}.Release|iPhone.ActiveCfg = Release|Any CPU
		{9FF4B3A0-DE75-4322-8D35-E35650D9011D}.Release|iPhone.Build.0 = Release|Any CPU
		{9FF4B3A0-DE75-4322-8D35-E35650D9011D}.Release|iPhoneSimulator.ActiveCfg = Release|Any CPU
		{9FF4B3A0-DE75-4322-8D35-E35650D9011D}.Release|iPhoneSimulator.Build.0 = Release|Any CPU
		{8129F10D-07A6-4C38-8299-D2B582954733}.Debug|Any CPU.ActiveCfg = Debug|Any CPU
		{8129F10D-07A6-4C38-8299-D2B582954733}.Debug|Any CPU.Build.0 = Debug|Any CPU
		{8129F10D-07A6-4C38-8299-D2B582954733}.Debug|iPhone.ActiveCfg = Debug|Any CPU
		{8129F10D-07A6-4C38-8299-D2B582954733}.Debug|iPhone.Build.0 = Debug|Any CPU
		{8129F10D-07A6-4C38-8299-D2B582954733}.Debug|iPhoneSimulator.ActiveCfg = Debug|Any CPU
		{8129F10D-07A6-4C38-8299-D2B582954733}.Debug|iPhoneSimulator.Build.0 = Debug|Any CPU
		{8129F10D-07A6-4C38-8299-D2B582954733}.Release|Any CPU.ActiveCfg = Release|Any CPU
		{8129F10D-07A6-4C38-8299-D2B582954733}.Release|Any CPU.Build.0 = Release|Any CPU
		{8129F10D-07A6-4C38-8299-D2B582954733}.Release|iPhone.ActiveCfg = Release|Any CPU
		{8129F10D-07A6-4C38-8299-D2B582954733}.Release|iPhone.Build.0 = Release|Any CPU
		{8129F10D-07A6-4C38-8299-D2B582954733}.Release|iPhoneSimulator.ActiveCfg = Release|Any CPU
		{8129F10D-07A6-4C38-8299-D2B582954733}.Release|iPhoneSimulator.Build.0 = Release|Any CPU
		{EE24D849-FFB7-4582-8FE5-F4BBB575CC74}.Debug|Any CPU.ActiveCfg = Debug|Any CPU
		{EE24D849-FFB7-4582-8FE5-F4BBB575CC74}.Debug|Any CPU.Build.0 = Debug|Any CPU
		{EE24D849-FFB7-4582-8FE5-F4BBB575CC74}.Debug|iPhone.ActiveCfg = Debug|Any CPU
		{EE24D849-FFB7-4582-8FE5-F4BBB575CC74}.Debug|iPhone.Build.0 = Debug|Any CPU
		{EE24D849-FFB7-4582-8FE5-F4BBB575CC74}.Debug|iPhoneSimulator.ActiveCfg = Debug|Any CPU
		{EE24D849-FFB7-4582-8FE5-F4BBB575CC74}.Debug|iPhoneSimulator.Build.0 = Debug|Any CPU
		{EE24D849-FFB7-4582-8FE5-F4BBB575CC74}.Release|Any CPU.ActiveCfg = Release|Any CPU
		{EE24D849-FFB7-4582-8FE5-F4BBB575CC74}.Release|Any CPU.Build.0 = Release|Any CPU
		{EE24D849-FFB7-4582-8FE5-F4BBB575CC74}.Release|iPhone.ActiveCfg = Release|Any CPU
		{EE24D849-FFB7-4582-8FE5-F4BBB575CC74}.Release|iPhone.Build.0 = Release|Any CPU
		{EE24D849-FFB7-4582-8FE5-F4BBB575CC74}.Release|iPhoneSimulator.ActiveCfg = Release|Any CPU
		{EE24D849-FFB7-4582-8FE5-F4BBB575CC74}.Release|iPhoneSimulator.Build.0 = Release|Any CPU
		{FB246FBC-1529-45D0-9B2A-50011C17BC32}.Debug|Any CPU.ActiveCfg = Debug|Any CPU
		{FB246FBC-1529-45D0-9B2A-50011C17BC32}.Debug|Any CPU.Build.0 = Debug|Any CPU
		{FB246FBC-1529-45D0-9B2A-50011C17BC32}.Debug|iPhone.ActiveCfg = Debug|Any CPU
		{FB246FBC-1529-45D0-9B2A-50011C17BC32}.Debug|iPhone.Build.0 = Debug|Any CPU
		{FB246FBC-1529-45D0-9B2A-50011C17BC32}.Debug|iPhoneSimulator.ActiveCfg = Debug|Any CPU
		{FB246FBC-1529-45D0-9B2A-50011C17BC32}.Debug|iPhoneSimulator.Build.0 = Debug|Any CPU
		{FB246FBC-1529-45D0-9B2A-50011C17BC32}.Release|Any CPU.ActiveCfg = Release|Any CPU
		{FB246FBC-1529-45D0-9B2A-50011C17BC32}.Release|Any CPU.Build.0 = Release|Any CPU
		{FB246FBC-1529-45D0-9B2A-50011C17BC32}.Release|iPhone.ActiveCfg = Release|Any CPU
		{FB246FBC-1529-45D0-9B2A-50011C17BC32}.Release|iPhone.Build.0 = Release|Any CPU
		{FB246FBC-1529-45D0-9B2A-50011C17BC32}.Release|iPhoneSimulator.ActiveCfg = Release|Any CPU
		{FB246FBC-1529-45D0-9B2A-50011C17BC32}.Release|iPhoneSimulator.Build.0 = Release|Any CPU
		{EE2FB370-174C-48E5-9FE4-8B0237CABC58}.Debug|Any CPU.ActiveCfg = Debug|Any CPU
		{EE2FB370-174C-48E5-9FE4-8B0237CABC58}.Debug|Any CPU.Build.0 = Debug|Any CPU
		{EE2FB370-174C-48E5-9FE4-8B0237CABC58}.Debug|iPhone.ActiveCfg = Debug|Any CPU
		{EE2FB370-174C-48E5-9FE4-8B0237CABC58}.Debug|iPhone.Build.0 = Debug|Any CPU
		{EE2FB370-174C-48E5-9FE4-8B0237CABC58}.Debug|iPhoneSimulator.ActiveCfg = Debug|Any CPU
		{EE2FB370-174C-48E5-9FE4-8B0237CABC58}.Debug|iPhoneSimulator.Build.0 = Debug|Any CPU
		{EE2FB370-174C-48E5-9FE4-8B0237CABC58}.Release|Any CPU.ActiveCfg = Release|Any CPU
		{EE2FB370-174C-48E5-9FE4-8B0237CABC58}.Release|Any CPU.Build.0 = Release|Any CPU
		{EE2FB370-174C-48E5-9FE4-8B0237CABC58}.Release|iPhone.ActiveCfg = Release|Any CPU
		{EE2FB370-174C-48E5-9FE4-8B0237CABC58}.Release|iPhone.Build.0 = Release|Any CPU
		{EE2FB370-174C-48E5-9FE4-8B0237CABC58}.Release|iPhoneSimulator.ActiveCfg = Release|Any CPU
		{EE2FB370-174C-48E5-9FE4-8B0237CABC58}.Release|iPhoneSimulator.Build.0 = Release|Any CPU
		{45FFBBEB-61B8-4F1B-BFED-CD320302359C}.Debug|Any CPU.ActiveCfg = Debug|Any CPU
		{45FFBBEB-61B8-4F1B-BFED-CD320302359C}.Debug|Any CPU.Build.0 = Debug|Any CPU
		{45FFBBEB-61B8-4F1B-BFED-CD320302359C}.Debug|iPhone.ActiveCfg = Debug|Any CPU
		{45FFBBEB-61B8-4F1B-BFED-CD320302359C}.Debug|iPhone.Build.0 = Debug|Any CPU
		{45FFBBEB-61B8-4F1B-BFED-CD320302359C}.Debug|iPhoneSimulator.ActiveCfg = Debug|Any CPU
		{45FFBBEB-61B8-4F1B-BFED-CD320302359C}.Debug|iPhoneSimulator.Build.0 = Debug|Any CPU
		{45FFBBEB-61B8-4F1B-BFED-CD320302359C}.Release|Any CPU.ActiveCfg = Release|Any CPU
		{45FFBBEB-61B8-4F1B-BFED-CD320302359C}.Release|Any CPU.Build.0 = Release|Any CPU
		{45FFBBEB-61B8-4F1B-BFED-CD320302359C}.Release|iPhone.ActiveCfg = Release|Any CPU
		{45FFBBEB-61B8-4F1B-BFED-CD320302359C}.Release|iPhone.Build.0 = Release|Any CPU
		{45FFBBEB-61B8-4F1B-BFED-CD320302359C}.Release|iPhoneSimulator.ActiveCfg = Release|Any CPU
		{45FFBBEB-61B8-4F1B-BFED-CD320302359C}.Release|iPhoneSimulator.Build.0 = Release|Any CPU
	EndGlobalSection
	GlobalSection(SolutionProperties) = preSolution
		HideSolutionNode = FALSE
	EndGlobalSection
	GlobalSection(NestedProjects) = preSolution
		{13AB4AD2-D077-48E0-B6F2-791BC25EB413} = {4F8C1E03-F782-4A67-B68E-64E9246E28D4}
		{921CFEA5-564C-4975-A20F-8CAD32EA88E3} = {8968ADFB-A9FA-4A81-AA7F-C340296F01A9}
		{5B8DBA01-2E5F-457A-9895-A9A4759D1D43} = {8968ADFB-A9FA-4A81-AA7F-C340296F01A9}
		{18C2D1F9-A0F6-4A04-9CFF-DF984242395B} = {8968ADFB-A9FA-4A81-AA7F-C340296F01A9}
		{69B20DD6-58F6-4701-B081-9B09E8B697D3} = {3799F198-4FDB-4BFF-811E-D12EEB39D00C}
		{77693571-4115-4F66-BDA5-E198F6EE5DF8} = {69B20DD6-58F6-4701-B081-9B09E8B697D3}
		{E390F6DA-9F4B-43A4-8ABF-F9434DF2C70D} = {4F8C1E03-F782-4A67-B68E-64E9246E28D4}
		{C362EF23-0582-49A5-A658-3F12E0885F1C} = {4F8C1E03-F782-4A67-B68E-64E9246E28D4}
		{E6C82F31-6175-4419-8764-5BC669C1F69A} = {4F8C1E03-F782-4A67-B68E-64E9246E28D4}
		{ED0C66AC-EAE7-4CD0-BF81-DF5D8D3B2E58} = {C362EF23-0582-49A5-A658-3F12E0885F1C}
		{20720034-0C48-47D1-9B31-743088366300} = {C362EF23-0582-49A5-A658-3F12E0885F1C}
		{A97CA1A7-8907-4FA1-A3E5-1FE618E14344} = {E6C82F31-6175-4419-8764-5BC669C1F69A}
		{0BDBDE60-AFE4-46AC-993E-0F03AF38ADB8} = {E6C82F31-6175-4419-8764-5BC669C1F69A}
		{454143FE-45E8-48CE-AE04-71BFB0B413DB} = {C362EF23-0582-49A5-A658-3F12E0885F1C}
		{9C7F5D33-0492-4979-8DD0-CCE5654ABE68} = {E6C82F31-6175-4419-8764-5BC669C1F69A}
		{DD4AC4FC-52B0-49F2-85DE-6E6C441F5207} = {C362EF23-0582-49A5-A658-3F12E0885F1C}
		{E2010183-9928-4556-9D64-6626D8B0EE8A} = {6D53F8B4-3C6B-44D3-82FA-7A7D2A95FBF4}
		{E8B1F66F-1E9C-400B-A020-C1151F057B80} = {6D53F8B4-3C6B-44D3-82FA-7A7D2A95FBF4}
		{6D53F8B4-3C6B-44D3-82FA-7A7D2A95FBF4} = {3799F198-4FDB-4BFF-811E-D12EEB39D00C}
		{8968ADFB-A9FA-4A81-AA7F-C340296F01A9} = {3799F198-4FDB-4BFF-811E-D12EEB39D00C}
		{57B0EB28-7B4E-410D-B021-0DC9D719C11F} = {6D53F8B4-3C6B-44D3-82FA-7A7D2A95FBF4}
		{36B9D25A-40E6-47C2-AD91-6EF9EF420571} = {56123580-99E9-45AC-8300-ABF8EE1D021E}
		{97322730-7912-4331-8881-DF029EF7CDD1} = {56123580-99E9-45AC-8300-ABF8EE1D021E}
		{AA9D0357-6A77-41D4-BB7A-CC4111EC1501} = {56123580-99E9-45AC-8300-ABF8EE1D021E}
		{169C37E6-B0C7-43D6-B68A-F93224ACBF56} = {56123580-99E9-45AC-8300-ABF8EE1D021E}
		{2745EF70-09F1-4297-9C0F-4294F37A1D75} = {56123580-99E9-45AC-8300-ABF8EE1D021E}
		{D98FDBAC-B38C-4AA3-9916-FCC383068A80} = {56123580-99E9-45AC-8300-ABF8EE1D021E}
		{F397F3AE-7B7B-49F3-9BA4-8DED2C63813A} = {56123580-99E9-45AC-8300-ABF8EE1D021E}
		{9FF4B3A0-DE75-4322-8D35-E35650D9011D} = {56123580-99E9-45AC-8300-ABF8EE1D021E}
		{8129F10D-07A6-4C38-8299-D2B582954733} = {56123580-99E9-45AC-8300-ABF8EE1D021E}
		{F1A161A2-B393-48EF-960D-89D208BC14E2} = {56123580-99E9-45AC-8300-ABF8EE1D021E}
		{EE24D849-FFB7-4582-8FE5-F4BBB575CC74} = {56123580-99E9-45AC-8300-ABF8EE1D021E}
		{FB246FBC-1529-45D0-9B2A-50011C17BC32} = {56123580-99E9-45AC-8300-ABF8EE1D021E}
		{9C40B7D2-F296-4134-9B87-23D5B137B69D} = {56123580-99E9-45AC-8300-ABF8EE1D021E}
		{EE2FB370-174C-48E5-9FE4-8B0237CABC58} = {56123580-99E9-45AC-8300-ABF8EE1D021E}
		{45FFBBEB-61B8-4F1B-BFED-CD320302359C} = {56123580-99E9-45AC-8300-ABF8EE1D021E}
		{DAD0910B-C8CA-43DD-8F56-515B07378286} = {56123580-99E9-45AC-8300-ABF8EE1D021E}
		{8C5A835E-F9AE-44F2-912D-FFB4D8FF2785} = {56123580-99E9-45AC-8300-ABF8EE1D021E}
		{FCBEE8CE-0757-4FF9-A0A0-1D1DA62BDFDF} = {56123580-99E9-45AC-8300-ABF8EE1D021E}
	EndGlobalSection
	GlobalSection(ExtensibilityGlobals) = postSolution
		SolutionGuid = {3B165F4A-1231-4BFC-9444-C78C86D57DF5}
	EndGlobalSection
EndGlobal
