
Microsoft Visual Studio Solution File, Format Version 12.00
# Visual Studio Version 16
VisualStudioVersion = 16.0.30105.148
MinimumVisualStudioVersion = 10.0.40219.1
Project("{2150E333-8FDC-42A3-9474-1A3956D46DE8}") = "externals-submodules", "externals-submodules", "{4B2C68D4-854C-482E-9321-25AD332EFD72}"
EndProject
Project("{2150E333-8FDC-42A3-9474-1A3956D46DE8}") = "library-source", "library-source", "{D4988B6B-25EE-4987-8203-858A3643FEA9}"
EndProject
Project("{2150E333-8FDC-42A3-9474-1A3956D46DE8}") = "tests", "tests", "{B1C2EDF4-89A4-4C53-95F6-7AEFBFFD6799}"
EndProject
Project("{2150E333-8FDC-42A3-9474-1A3956D46DE8}") = "unit-tests", "unit-tests", "{D667C602-4428-4F60-BDD2-12BC625EC6BE}"
EndProject
Project("{2150E333-8FDC-42A3-9474-1A3956D46DE8}") = "project-references", "project-references", "{EAC53212-F8A6-4D15-AF99-30D53BE672AC}"
	ProjectSection(SolutionItems) = preProject
		Directory.Build.props = Directory.Build.props
	EndProjectSection
EndProject
Project("{FAE04EC0-301F-11D3-BF4B-00C04F79EFBC}") = "HolisticWare.Core.Math.Statistics.Descriptive.Sequential", "..\..\..\source\HolisticWare.Core.Math.Statistics.Descriptive.Sequential\HolisticWare.Core.Math.Statistics.Descriptive.Sequential.csproj", "{51CE3A17-750E-40B5-A3B2-DC21D40A8C7C}"
EndProject
Project("{FAE04EC0-301F-11D3-BF4B-00C04F79EFBC}") = "HolisticWare.Core", "..\..\..\externals-submodules\Core\source\HolisticWare.Core\HolisticWare.Core.csproj", "{C14FA027-81FA-4E65-978D-11B94C6EF4A4}"
EndProject
Project("{FAE04EC0-301F-11D3-BF4B-00C04F79EFBC}") = "HolisticWare.Core.LINQ", "..\..\..\externals-submodules\Core.LINQ\source\HolisticWare.Core.LINQ\HolisticWare.Core.LINQ.csproj", "{A0D430EF-A7D6-4B32-8F86-4FD64B9B3FCA}"
EndProject
Project("{FAE04EC0-301F-11D3-BF4B-00C04F79EFBC}") = "HolisticWare.Core.LINQ.Memory", "..\..\..\externals-submodules\Core.LINQ\source\HolisticWare.Core.LINQ.Memory\HolisticWare.Core.LINQ.Memory.csproj", "{85CFB8BF-339C-4DBF-8F35-65E14950FF7D}"
EndProject
Project("{D954291E-2A0B-460D-934E-DC6B0785DB48}") = "Core.Math", "..\..\..\externals-submodules\Core.Math\source\Core.Math\Core.Math.shproj", "{CFCB5F5D-20C3-46DE-A9E0-14938D06996B}"
EndProject
Project("{FAE04EC0-301F-11D3-BF4B-00C04F79EFBC}") = "HolisticWare.Core.Math", "..\..\..\externals-submodules\Core.Math\source\HolisticWare.Core.Math\HolisticWare.Core.Math.csproj", "{35A8FF0B-E744-45DC-88F0-533B714C0865}"
EndProject
Project("{FAE04EC0-301F-11D3-BF4B-00C04F79EFBC}") = "HolisticWare.Core.Sample.Data", "..\..\..\externals-submodules\Core.Math.Samples\data\HolisticWare.Core.Sample.Data\HolisticWare.Core.Sample.Data.csproj", "{799342C5-1228-4F88-985E-80B9F0846C95}"
EndProject
Project("{FAE04EC0-301F-11D3-BF4B-00C04F79EFBC}") = "Tests.UnitTests.MSTest", "Tests.UnitTests.MSTest\Tests.UnitTests.MSTest.csproj", "{286EC962-87A9-425A-BC76-100F07559B59}"
EndProject
Project("{FAE04EC0-301F-11D3-BF4B-00C04F79EFBC}") = "Tests.UnitTests.NUnit", "Tests.UnitTests.NUnit\Tests.UnitTests.NUnit.csproj", "{1DAD63BC-E247-4733-A79F-A1EBCA0EEA1F}"
EndProject
Project("{FAE04EC0-301F-11D3-BF4B-00C04F79EFBC}") = "Tests.UnitTests.XUnit", "Tests.UnitTests.XUnit\Tests.UnitTests.XUnit.csproj", "{8B574A73-E32A-408C-9EA7-6C74947BD587}"
EndProject
Project("{FAE04EC0-301F-11D3-BF4B-00C04F79EFBC}") = "Tests.UnitTests.DeviceTests.MAUI.Shinny.XUnit", "Tests.UnitTests.DeviceTests.MAUI.Shinny.XUnit\Tests.UnitTests.DeviceTests.MAUI.Shinny.XUnit.csproj", "{2EB9142F-C32A-4F7E-A17B-A699795B2BBB}"
EndProject
Project("{D954291E-2A0B-460D-934E-DC6B0785DB48}") = "Tests.CommonShared", "..\..\Tests.CommonShared\Tests.CommonShared.shproj", "{13AB4AD2-D077-48E0-B6F2-791BC25EB413}"
EndProject
Project("{D954291E-2A0B-460D-934E-DC6B0785DB48}") = "UnitTests.Common.Utils.Shared", "..\UnitTests.Common.Utils.Shared\UnitTests.Common.Utils.Shared.shproj", "{E390F6DA-9F4B-43A4-8ABF-F9434DF2C70D}"
EndProject
Global
	GlobalSection(SolutionConfigurationPlatforms) = preSolution
		Debug|Any CPU = Debug|Any CPU
		Release|Any CPU = Release|Any CPU
	EndGlobalSection
	GlobalSection(ProjectConfigurationPlatforms) = postSolution
		{51CE3A17-750E-40B5-A3B2-DC21D40A8C7C}.Debug|Any CPU.ActiveCfg = Debug|Any CPU
		{51CE3A17-750E-40B5-A3B2-DC21D40A8C7C}.Debug|Any CPU.Build.0 = Debug|Any CPU
		{51CE3A17-750E-40B5-A3B2-DC21D40A8C7C}.Release|Any CPU.ActiveCfg = Release|Any CPU
		{51CE3A17-750E-40B5-A3B2-DC21D40A8C7C}.Release|Any CPU.Build.0 = Release|Any CPU
		{C14FA027-81FA-4E65-978D-11B94C6EF4A4}.Debug|Any CPU.ActiveCfg = Debug|Any CPU
		{C14FA027-81FA-4E65-978D-11B94C6EF4A4}.Debug|Any CPU.Build.0 = Debug|Any CPU
		{C14FA027-81FA-4E65-978D-11B94C6EF4A4}.Release|Any CPU.ActiveCfg = Release|Any CPU
		{C14FA027-81FA-4E65-978D-11B94C6EF4A4}.Release|Any CPU.Build.0 = Release|Any CPU
		{A0D430EF-A7D6-4B32-8F86-4FD64B9B3FCA}.Debug|Any CPU.ActiveCfg = Debug|Any CPU
		{A0D430EF-A7D6-4B32-8F86-4FD64B9B3FCA}.Debug|Any CPU.Build.0 = Debug|Any CPU
		{A0D430EF-A7D6-4B32-8F86-4FD64B9B3FCA}.Release|Any CPU.ActiveCfg = Release|Any CPU
		{A0D430EF-A7D6-4B32-8F86-4FD64B9B3FCA}.Release|Any CPU.Build.0 = Release|Any CPU
		{85CFB8BF-339C-4DBF-8F35-65E14950FF7D}.Debug|Any CPU.ActiveCfg = Debug|Any CPU
		{85CFB8BF-339C-4DBF-8F35-65E14950FF7D}.Debug|Any CPU.Build.0 = Debug|Any CPU
		{85CFB8BF-339C-4DBF-8F35-65E14950FF7D}.Release|Any CPU.ActiveCfg = Release|Any CPU
		{85CFB8BF-339C-4DBF-8F35-65E14950FF7D}.Release|Any CPU.Build.0 = Release|Any CPU
		{35A8FF0B-E744-45DC-88F0-533B714C0865}.Debug|Any CPU.ActiveCfg = Debug|Any CPU
		{35A8FF0B-E744-45DC-88F0-533B714C0865}.Debug|Any CPU.Build.0 = Debug|Any CPU
		{35A8FF0B-E744-45DC-88F0-533B714C0865}.Release|Any CPU.ActiveCfg = Release|Any CPU
		{35A8FF0B-E744-45DC-88F0-533B714C0865}.Release|Any CPU.Build.0 = Release|Any CPU
		{799342C5-1228-4F88-985E-80B9F0846C95}.Debug|Any CPU.ActiveCfg = Debug|Any CPU
		{799342C5-1228-4F88-985E-80B9F0846C95}.Debug|Any CPU.Build.0 = Debug|Any CPU
		{799342C5-1228-4F88-985E-80B9F0846C95}.Release|Any CPU.ActiveCfg = Release|Any CPU
		{799342C5-1228-4F88-985E-80B9F0846C95}.Release|Any CPU.Build.0 = Release|Any CPU
		{286EC962-87A9-425A-BC76-100F07559B59}.Debug|Any CPU.ActiveCfg = Debug|Any CPU
		{286EC962-87A9-425A-BC76-100F07559B59}.Debug|Any CPU.Build.0 = Debug|Any CPU
		{286EC962-87A9-425A-BC76-100F07559B59}.Release|Any CPU.ActiveCfg = Release|Any CPU
		{286EC962-87A9-425A-BC76-100F07559B59}.Release|Any CPU.Build.0 = Release|Any CPU
		{1DAD63BC-E247-4733-A79F-A1EBCA0EEA1F}.Debug|Any CPU.ActiveCfg = Debug|Any CPU
		{1DAD63BC-E247-4733-A79F-A1EBCA0EEA1F}.Debug|Any CPU.Build.0 = Debug|Any CPU
		{1DAD63BC-E247-4733-A79F-A1EBCA0EEA1F}.Release|Any CPU.ActiveCfg = Release|Any CPU
		{1DAD63BC-E247-4733-A79F-A1EBCA0EEA1F}.Release|Any CPU.Build.0 = Release|Any CPU
		{8B574A73-E32A-408C-9EA7-6C74947BD587}.Debug|Any CPU.ActiveCfg = Debug|Any CPU
		{8B574A73-E32A-408C-9EA7-6C74947BD587}.Debug|Any CPU.Build.0 = Debug|Any CPU
		{8B574A73-E32A-408C-9EA7-6C74947BD587}.Release|Any CPU.ActiveCfg = Release|Any CPU
		{8B574A73-E32A-408C-9EA7-6C74947BD587}.Release|Any CPU.Build.0 = Release|Any CPU
		{2EB9142F-C32A-4F7E-A17B-A699795B2BBB}.Debug|Any CPU.ActiveCfg = Debug|Any CPU
		{2EB9142F-C32A-4F7E-A17B-A699795B2BBB}.Debug|Any CPU.Build.0 = Debug|Any CPU
		{2EB9142F-C32A-4F7E-A17B-A699795B2BBB}.Release|Any CPU.ActiveCfg = Release|Any CPU
		{2EB9142F-C32A-4F7E-A17B-A699795B2BBB}.Release|Any CPU.Build.0 = Release|Any CPU
	EndGlobalSection
	GlobalSection(NestedProjects) = preSolution
		{D667C602-4428-4F60-BDD2-12BC625EC6BE} = {B1C2EDF4-89A4-4C53-95F6-7AEFBFFD6799}
		{EAC53212-F8A6-4D15-AF99-30D53BE672AC} = {D667C602-4428-4F60-BDD2-12BC625EC6BE}
		{51CE3A17-750E-40B5-A3B2-DC21D40A8C7C} = {D4988B6B-25EE-4987-8203-858A3643FEA9}
		{C14FA027-81FA-4E65-978D-11B94C6EF4A4} = {4B2C68D4-854C-482E-9321-25AD332EFD72}
		{A0D430EF-A7D6-4B32-8F86-4FD64B9B3FCA} = {4B2C68D4-854C-482E-9321-25AD332EFD72}
		{85CFB8BF-339C-4DBF-8F35-65E14950FF7D} = {4B2C68D4-854C-482E-9321-25AD332EFD72}
		{CFCB5F5D-20C3-46DE-A9E0-14938D06996B} = {4B2C68D4-854C-482E-9321-25AD332EFD72}
		{35A8FF0B-E744-45DC-88F0-533B714C0865} = {4B2C68D4-854C-482E-9321-25AD332EFD72}
		{799342C5-1228-4F88-985E-80B9F0846C95} = {4B2C68D4-854C-482E-9321-25AD332EFD72}
		{286EC962-87A9-425A-BC76-100F07559B59} = {EAC53212-F8A6-4D15-AF99-30D53BE672AC}
		{1DAD63BC-E247-4733-A79F-A1EBCA0EEA1F} = {EAC53212-F8A6-4D15-AF99-30D53BE672AC}
		{8B574A73-E32A-408C-9EA7-6C74947BD587} = {EAC53212-F8A6-4D15-AF99-30D53BE672AC}
		{2EB9142F-C32A-4F7E-A17B-A699795B2BBB} = {EAC53212-F8A6-4D15-AF99-30D53BE672AC}
		{13AB4AD2-D077-48E0-B6F2-791BC25EB413} = {B1C2EDF4-89A4-4C53-95F6-7AEFBFFD6799}
		{E390F6DA-9F4B-43A4-8ABF-F9434DF2C70D} = {B1C2EDF4-89A4-4C53-95F6-7AEFBFFD6799}
	EndGlobalSection
EndGlobal
