
Microsoft Visual Studio Solution File, Format Version 12.00
# Visual Studio 15
VisualStudioVersion = 15.0.27428.2002
MinimumVisualStudioVersion = 10.0.40219.1
Project("{D954291E-2A0B-460D-934E-DC6B0785DB48}") = "HolisticWare.Core.Math.Statistics.Descriptive.Sequential", "HolisticWare.Core.Math.Statistics.Descriptive.Sequential\HolisticWare.Core.Math.Statistics.Descriptive.Sequential.shproj", "{920D7D0F-3FAE-4C77-9174-23E7A4E80E50}"
EndProject
Project("{9A19103F-16F7-4668-BE54-9A1E7A4F7556}") = "HolisticWare.Core.Math.Statistics.Descriptive.Sequential.NetStandard10", "HolisticWare.Core.Math.Statistics.Descriptive.Sequential.NetStandard10\HolisticWare.Core.Math.Statistics.Descriptive.Sequential.NetStandard10.csproj", "{DEFACBA9-2E24-46BD-B3E0-EFF602FA05DC}"
EndProject
Project("{9A19103F-16F7-4668-BE54-9A1E7A4F7556}") = "HolisticWare.Core.Math.Statistics.Descriptive.Sequential.NetStandard13", "HolisticWare.Core.Math.Statistics.Descriptive.Sequential.NetStandard13\HolisticWare.Core.Math.Statistics.Descriptive.Sequential.NetStandard13.csproj", "{B7852FC5-D06E-4A47-B19B-B695E6BF17C8}"
EndProject
Project("{2150E333-8FDC-42A3-9474-1A3956D46DE8}") = "externals", "externals", "{CF391030-C0E8-4071-AD2E-86685D268366}"
EndProject
Project("{2150E333-8FDC-42A3-9474-1A3956D46DE8}") = "Core", "Core", "{D0D0A585-B5D9-4F02-8E3D-A5B5A246EF60}"
EndProject
Project("{2150E333-8FDC-42A3-9474-1A3956D46DE8}") = "Core.Math", "Core.Math", "{7C5D92A6-AC2A-4190-BBEF-FD78A6128C15}"
EndProject
Project("{2150E333-8FDC-42A3-9474-1A3956D46DE8}") = "Core.Math.Intervals", "Core.Math.Intervals", "{F09B344E-903A-4AC3-8B58-822F0A839521}"
EndProject
Project("{2150E333-8FDC-42A3-9474-1A3956D46DE8}") = "externals", "externals", "{D8B98221-F1B1-4A39-95B2-8993745FCF7D}"
EndProject
Project("{9A19103F-16F7-4668-BE54-9A1E7A4F7556}") = "HolisticWare.Core.Math.Intervals.NetStandard10", "..\externals\Core.Math.Intervals\source\HolisticWare.Core.Math.Intervals.NetStandard10\HolisticWare.Core.Math.Intervals.NetStandard10.csproj", "{4390ACCD-C763-4A93-8A52-964484D38F41}"
EndProject
Project("{D954291E-2A0B-460D-934E-DC6B0785DB48}") = "HolisticWare.Core.Math.Intervals", "..\externals\Core.Math.Intervals\source\HolisticWare.Core.Math.Intervals\HolisticWare.Core.Math.Intervals.shproj", "{50A6E158-F8AC-4858-B3D0-DCF2630066C3}"
EndProject
Project("{2150E333-8FDC-42A3-9474-1A3956D46DE8}") = "Core", "Core", "{1B35F3FC-D84E-4D3B-AD6A-A8F1CC0EEC48}"
EndProject
Project("{2150E333-8FDC-42A3-9474-1A3956D46DE8}") = "Core.Math", "Core.Math", "{79FDDC83-082D-46E1-953F-BC17FC45842F}"
EndProject
Project("{2150E333-8FDC-42A3-9474-1A3956D46DE8}") = "Solution Items", "Solution Items", "{E2E60290-1D06-43BD-96C9-253C94975D86}"
EndProject
Project("{D954291E-2A0B-460D-934E-DC6B0785DB48}") = "HolisticWare.Core", "..\externals\Core.Math.Intervals\externals\Core\source\HolisticWare.Core\HolisticWare.Core.shproj", "{7B6A154C-C7FC-49B6-B9CD-B64BAD602726}"
EndProject
Project("{9A19103F-16F7-4668-BE54-9A1E7A4F7556}") = "HolisticWare.Core.NetStandard10", "..\externals\Core.Math.Intervals\externals\Core\source\HolisticWare.Core.NetStandard10\HolisticWare.Core.NetStandard10.csproj", "{78A0A52D-DAAA-47B3-82FF-383CC3CF50B7}"
EndProject
Project("{FAE04EC0-301F-11D3-BF4B-00C04F79EFBC}") = "HolisticWare.Core.PortableProfile78", "..\externals\Core.Math.Intervals\externals\Core\source\HolisticWare.Core.PortableProfile78\HolisticWare.Core.PortableProfile78.csproj", "{9F05BFFD-2F7C-49C5-A659-4597F5A2EF08}"
EndProject
Project("{2150E333-8FDC-42A3-9474-1A3956D46DE8}") = "Solution Items", "Solution Items", "{E2E60290-1D06-43BD-96C9-253C94975D86}"
EndProject
Project("{D954291E-2A0B-460D-934E-DC6B0785DB48}") = "HolisticWare.Core", "..\externals\Core\source\HolisticWare.Core\HolisticWare.Core.shproj", "{F71F42E8-F7C4-4A36-B370-FEAC550CDD86}"
EndProject
Project("{9A19103F-16F7-4668-BE54-9A1E7A4F7556}") = "HolisticWare.Core.NetStandard10", "..\externals\Core\source\HolisticWare.Core.NetStandard10\HolisticWare.Core.NetStandard10.csproj", "{EB453404-4B11-473F-A92E-499F39199E36}"
EndProject
Project("{FAE04EC0-301F-11D3-BF4B-00C04F79EFBC}") = "HolisticWare.Core.PortableProfile78", "..\externals\Core\source\HolisticWare.Core.PortableProfile78\HolisticWare.Core.PortableProfile78.csproj", "{C5A7B401-DA6A-4BF5-9F14-344F77842D6F}"
EndProject
Global
	GlobalSection(SharedMSBuildProjectFiles) = preSolution
		..\externals\Core.Math.Intervals\source\HolisticWare.Core.Math.Intervals\HolisticWare.Core.Math.Intervals.projitems*{50a6e158-f8ac-4858-b3d0-dcf2630066c3}*SharedItemsImports = 13
		..\externals\Core.Math.Intervals\externals\Core\source\HolisticWare.Core\HolisticWare.Core.projitems*{7b6a154c-c7fc-49b6-b9cd-b64bad602726}*SharedItemsImports = 13
		HolisticWare.Core.Math.Statistics.Descriptive.Sequential\HolisticWare.Core.Math.Statistics.Descriptive.Sequential.projitems*{920d7d0f-3fae-4c77-9174-23e7a4e80e50}*SharedItemsImports = 13
		..\externals\Core.Math.Intervals\externals\Core\source\HolisticWare.Core\HolisticWare.Core.projitems*{9f05bffd-2f7c-49c5-a659-4597f5a2ef08}*SharedItemsImports = 4
		..\externals\Core\source\HolisticWare.Core\HolisticWare.Core.projitems*{c5a7b401-da6a-4bf5-9f14-344f77842d6f}*SharedItemsImports = 4
		..\externals\Core\source\HolisticWare.Core\HolisticWare.Core.projitems*{f71f42e8-f7c4-4a36-b370-feac550cdd86}*SharedItemsImports = 13
	EndGlobalSection
	GlobalSection(SolutionConfigurationPlatforms) = preSolution
		Ad-Hoc|Any CPU = Ad-Hoc|Any CPU
		Ad-Hoc|iPhone = Ad-Hoc|iPhone
		Ad-Hoc|iPhoneSimulator = Ad-Hoc|iPhoneSimulator
		Ad-Hoc|x64 = Ad-Hoc|x64
		Ad-Hoc|x86 = Ad-Hoc|x86
		AppStore|Any CPU = AppStore|Any CPU
		AppStore|iPhone = AppStore|iPhone
		AppStore|iPhoneSimulator = AppStore|iPhoneSimulator
		AppStore|x64 = AppStore|x64
		AppStore|x86 = AppStore|x86
		Debug|Any CPU = Debug|Any CPU
		Debug|iPhone = Debug|iPhone
		Debug|iPhoneSimulator = Debug|iPhoneSimulator
		Debug|x64 = Debug|x64
		Debug|x86 = Debug|x86
		Release|Any CPU = Release|Any CPU
		Release|iPhone = Release|iPhone
		Release|iPhoneSimulator = Release|iPhoneSimulator
		Release|x64 = Release|x64
		Release|x86 = Release|x86
	EndGlobalSection
	GlobalSection(ProjectConfigurationPlatforms) = postSolution
		{DEFACBA9-2E24-46BD-B3E0-EFF602FA05DC}.Ad-Hoc|Any CPU.ActiveCfg = Release|Any CPU
		{DEFACBA9-2E24-46BD-B3E0-EFF602FA05DC}.Ad-Hoc|Any CPU.Build.0 = Release|Any CPU
		{DEFACBA9-2E24-46BD-B3E0-EFF602FA05DC}.Ad-Hoc|iPhone.ActiveCfg = Release|Any CPU
		{DEFACBA9-2E24-46BD-B3E0-EFF602FA05DC}.Ad-Hoc|iPhone.Build.0 = Release|Any CPU
		{DEFACBA9-2E24-46BD-B3E0-EFF602FA05DC}.Ad-Hoc|iPhoneSimulator.ActiveCfg = Release|Any CPU
		{DEFACBA9-2E24-46BD-B3E0-EFF602FA05DC}.Ad-Hoc|iPhoneSimulator.Build.0 = Release|Any CPU
		{DEFACBA9-2E24-46BD-B3E0-EFF602FA05DC}.Ad-Hoc|x64.ActiveCfg = Release|Any CPU
		{DEFACBA9-2E24-46BD-B3E0-EFF602FA05DC}.Ad-Hoc|x64.Build.0 = Release|Any CPU
		{DEFACBA9-2E24-46BD-B3E0-EFF602FA05DC}.Ad-Hoc|x86.ActiveCfg = Release|Any CPU
		{DEFACBA9-2E24-46BD-B3E0-EFF602FA05DC}.Ad-Hoc|x86.Build.0 = Release|Any CPU
		{DEFACBA9-2E24-46BD-B3E0-EFF602FA05DC}.AppStore|Any CPU.ActiveCfg = Release|Any CPU
		{DEFACBA9-2E24-46BD-B3E0-EFF602FA05DC}.AppStore|Any CPU.Build.0 = Release|Any CPU
		{DEFACBA9-2E24-46BD-B3E0-EFF602FA05DC}.AppStore|iPhone.ActiveCfg = Release|Any CPU
		{DEFACBA9-2E24-46BD-B3E0-EFF602FA05DC}.AppStore|iPhone.Build.0 = Release|Any CPU
		{DEFACBA9-2E24-46BD-B3E0-EFF602FA05DC}.AppStore|iPhoneSimulator.ActiveCfg = Release|Any CPU
		{DEFACBA9-2E24-46BD-B3E0-EFF602FA05DC}.AppStore|iPhoneSimulator.Build.0 = Release|Any CPU
		{DEFACBA9-2E24-46BD-B3E0-EFF602FA05DC}.AppStore|x64.ActiveCfg = Release|Any CPU
		{DEFACBA9-2E24-46BD-B3E0-EFF602FA05DC}.AppStore|x64.Build.0 = Release|Any CPU
		{DEFACBA9-2E24-46BD-B3E0-EFF602FA05DC}.AppStore|x86.ActiveCfg = Release|Any CPU
		{DEFACBA9-2E24-46BD-B3E0-EFF602FA05DC}.AppStore|x86.Build.0 = Release|Any CPU
		{DEFACBA9-2E24-46BD-B3E0-EFF602FA05DC}.Debug|Any CPU.ActiveCfg = Debug|Any CPU
		{DEFACBA9-2E24-46BD-B3E0-EFF602FA05DC}.Debug|Any CPU.Build.0 = Debug|Any CPU
		{DEFACBA9-2E24-46BD-B3E0-EFF602FA05DC}.Debug|iPhone.ActiveCfg = Debug|Any CPU
		{DEFACBA9-2E24-46BD-B3E0-EFF602FA05DC}.Debug|iPhone.Build.0 = Debug|Any CPU
		{DEFACBA9-2E24-46BD-B3E0-EFF602FA05DC}.Debug|iPhoneSimulator.ActiveCfg = Debug|Any CPU
		{DEFACBA9-2E24-46BD-B3E0-EFF602FA05DC}.Debug|iPhoneSimulator.Build.0 = Debug|Any CPU
		{DEFACBA9-2E24-46BD-B3E0-EFF602FA05DC}.Debug|x64.ActiveCfg = Debug|Any CPU
		{DEFACBA9-2E24-46BD-B3E0-EFF602FA05DC}.Debug|x64.Build.0 = Debug|Any CPU
		{DEFACBA9-2E24-46BD-B3E0-EFF602FA05DC}.Debug|x86.ActiveCfg = Debug|Any CPU
		{DEFACBA9-2E24-46BD-B3E0-EFF602FA05DC}.Debug|x86.Build.0 = Debug|Any CPU
		{DEFACBA9-2E24-46BD-B3E0-EFF602FA05DC}.Release|Any CPU.ActiveCfg = Release|Any CPU
		{DEFACBA9-2E24-46BD-B3E0-EFF602FA05DC}.Release|Any CPU.Build.0 = Release|Any CPU
		{DEFACBA9-2E24-46BD-B3E0-EFF602FA05DC}.Release|iPhone.ActiveCfg = Release|Any CPU
		{DEFACBA9-2E24-46BD-B3E0-EFF602FA05DC}.Release|iPhone.Build.0 = Release|Any CPU
		{DEFACBA9-2E24-46BD-B3E0-EFF602FA05DC}.Release|iPhoneSimulator.ActiveCfg = Release|Any CPU
		{DEFACBA9-2E24-46BD-B3E0-EFF602FA05DC}.Release|iPhoneSimulator.Build.0 = Release|Any CPU
		{DEFACBA9-2E24-46BD-B3E0-EFF602FA05DC}.Release|x64.ActiveCfg = Release|Any CPU
		{DEFACBA9-2E24-46BD-B3E0-EFF602FA05DC}.Release|x64.Build.0 = Release|Any CPU
		{DEFACBA9-2E24-46BD-B3E0-EFF602FA05DC}.Release|x86.ActiveCfg = Release|Any CPU
		{DEFACBA9-2E24-46BD-B3E0-EFF602FA05DC}.Release|x86.Build.0 = Release|Any CPU
		{B7852FC5-D06E-4A47-B19B-B695E6BF17C8}.Ad-Hoc|Any CPU.ActiveCfg = Release|Any CPU
		{B7852FC5-D06E-4A47-B19B-B695E6BF17C8}.Ad-Hoc|Any CPU.Build.0 = Release|Any CPU
		{B7852FC5-D06E-4A47-B19B-B695E6BF17C8}.Ad-Hoc|iPhone.ActiveCfg = Release|Any CPU
		{B7852FC5-D06E-4A47-B19B-B695E6BF17C8}.Ad-Hoc|iPhone.Build.0 = Release|Any CPU
		{B7852FC5-D06E-4A47-B19B-B695E6BF17C8}.Ad-Hoc|iPhoneSimulator.ActiveCfg = Release|Any CPU
		{B7852FC5-D06E-4A47-B19B-B695E6BF17C8}.Ad-Hoc|iPhoneSimulator.Build.0 = Release|Any CPU
		{B7852FC5-D06E-4A47-B19B-B695E6BF17C8}.Ad-Hoc|x64.ActiveCfg = Release|Any CPU
		{B7852FC5-D06E-4A47-B19B-B695E6BF17C8}.Ad-Hoc|x64.Build.0 = Release|Any CPU
		{B7852FC5-D06E-4A47-B19B-B695E6BF17C8}.Ad-Hoc|x86.ActiveCfg = Release|Any CPU
		{B7852FC5-D06E-4A47-B19B-B695E6BF17C8}.Ad-Hoc|x86.Build.0 = Release|Any CPU
		{B7852FC5-D06E-4A47-B19B-B695E6BF17C8}.AppStore|Any CPU.ActiveCfg = Release|Any CPU
		{B7852FC5-D06E-4A47-B19B-B695E6BF17C8}.AppStore|Any CPU.Build.0 = Release|Any CPU
		{B7852FC5-D06E-4A47-B19B-B695E6BF17C8}.AppStore|iPhone.ActiveCfg = Release|Any CPU
		{B7852FC5-D06E-4A47-B19B-B695E6BF17C8}.AppStore|iPhone.Build.0 = Release|Any CPU
		{B7852FC5-D06E-4A47-B19B-B695E6BF17C8}.AppStore|iPhoneSimulator.ActiveCfg = Release|Any CPU
		{B7852FC5-D06E-4A47-B19B-B695E6BF17C8}.AppStore|iPhoneSimulator.Build.0 = Release|Any CPU
		{B7852FC5-D06E-4A47-B19B-B695E6BF17C8}.AppStore|x64.ActiveCfg = Release|Any CPU
		{B7852FC5-D06E-4A47-B19B-B695E6BF17C8}.AppStore|x64.Build.0 = Release|Any CPU
		{B7852FC5-D06E-4A47-B19B-B695E6BF17C8}.AppStore|x86.ActiveCfg = Release|Any CPU
		{B7852FC5-D06E-4A47-B19B-B695E6BF17C8}.AppStore|x86.Build.0 = Release|Any CPU
		{B7852FC5-D06E-4A47-B19B-B695E6BF17C8}.Debug|Any CPU.ActiveCfg = Debug|Any CPU
		{B7852FC5-D06E-4A47-B19B-B695E6BF17C8}.Debug|Any CPU.Build.0 = Debug|Any CPU
		{B7852FC5-D06E-4A47-B19B-B695E6BF17C8}.Debug|iPhone.ActiveCfg = Debug|Any CPU
		{B7852FC5-D06E-4A47-B19B-B695E6BF17C8}.Debug|iPhone.Build.0 = Debug|Any CPU
		{B7852FC5-D06E-4A47-B19B-B695E6BF17C8}.Debug|iPhoneSimulator.ActiveCfg = Debug|Any CPU
		{B7852FC5-D06E-4A47-B19B-B695E6BF17C8}.Debug|iPhoneSimulator.Build.0 = Debug|Any CPU
		{B7852FC5-D06E-4A47-B19B-B695E6BF17C8}.Debug|x64.ActiveCfg = Debug|Any CPU
		{B7852FC5-D06E-4A47-B19B-B695E6BF17C8}.Debug|x64.Build.0 = Debug|Any CPU
		{B7852FC5-D06E-4A47-B19B-B695E6BF17C8}.Debug|x86.ActiveCfg = Debug|Any CPU
		{B7852FC5-D06E-4A47-B19B-B695E6BF17C8}.Debug|x86.Build.0 = Debug|Any CPU
		{B7852FC5-D06E-4A47-B19B-B695E6BF17C8}.Release|Any CPU.ActiveCfg = Release|Any CPU
		{B7852FC5-D06E-4A47-B19B-B695E6BF17C8}.Release|Any CPU.Build.0 = Release|Any CPU
		{B7852FC5-D06E-4A47-B19B-B695E6BF17C8}.Release|iPhone.ActiveCfg = Release|Any CPU
		{B7852FC5-D06E-4A47-B19B-B695E6BF17C8}.Release|iPhone.Build.0 = Release|Any CPU
		{B7852FC5-D06E-4A47-B19B-B695E6BF17C8}.Release|iPhoneSimulator.ActiveCfg = Release|Any CPU
		{B7852FC5-D06E-4A47-B19B-B695E6BF17C8}.Release|iPhoneSimulator.Build.0 = Release|Any CPU
		{B7852FC5-D06E-4A47-B19B-B695E6BF17C8}.Release|x64.ActiveCfg = Release|Any CPU
		{B7852FC5-D06E-4A47-B19B-B695E6BF17C8}.Release|x64.Build.0 = Release|Any CPU
		{B7852FC5-D06E-4A47-B19B-B695E6BF17C8}.Release|x86.ActiveCfg = Release|Any CPU
		{B7852FC5-D06E-4A47-B19B-B695E6BF17C8}.Release|x86.Build.0 = Release|Any CPU
		{4390ACCD-C763-4A93-8A52-964484D38F41}.Ad-Hoc|Any CPU.ActiveCfg = Release|Any CPU
		{4390ACCD-C763-4A93-8A52-964484D38F41}.Ad-Hoc|Any CPU.Build.0 = Release|Any CPU
		{4390ACCD-C763-4A93-8A52-964484D38F41}.Ad-Hoc|iPhone.ActiveCfg = Release|Any CPU
		{4390ACCD-C763-4A93-8A52-964484D38F41}.Ad-Hoc|iPhone.Build.0 = Release|Any CPU
		{4390ACCD-C763-4A93-8A52-964484D38F41}.Ad-Hoc|iPhoneSimulator.ActiveCfg = Release|Any CPU
		{4390ACCD-C763-4A93-8A52-964484D38F41}.Ad-Hoc|iPhoneSimulator.Build.0 = Release|Any CPU
		{4390ACCD-C763-4A93-8A52-964484D38F41}.Ad-Hoc|x64.ActiveCfg = Release|Any CPU
		{4390ACCD-C763-4A93-8A52-964484D38F41}.Ad-Hoc|x64.Build.0 = Release|Any CPU
		{4390ACCD-C763-4A93-8A52-964484D38F41}.Ad-Hoc|x86.ActiveCfg = Release|Any CPU
		{4390ACCD-C763-4A93-8A52-964484D38F41}.Ad-Hoc|x86.Build.0 = Release|Any CPU
		{4390ACCD-C763-4A93-8A52-964484D38F41}.AppStore|Any CPU.ActiveCfg = Release|Any CPU
		{4390ACCD-C763-4A93-8A52-964484D38F41}.AppStore|Any CPU.Build.0 = Release|Any CPU
		{4390ACCD-C763-4A93-8A52-964484D38F41}.AppStore|iPhone.ActiveCfg = Release|Any CPU
		{4390ACCD-C763-4A93-8A52-964484D38F41}.AppStore|iPhone.Build.0 = Release|Any CPU
		{4390ACCD-C763-4A93-8A52-964484D38F41}.AppStore|iPhoneSimulator.ActiveCfg = Release|Any CPU
		{4390ACCD-C763-4A93-8A52-964484D38F41}.AppStore|iPhoneSimulator.Build.0 = Release|Any CPU
		{4390ACCD-C763-4A93-8A52-964484D38F41}.AppStore|x64.ActiveCfg = Release|Any CPU
		{4390ACCD-C763-4A93-8A52-964484D38F41}.AppStore|x64.Build.0 = Release|Any CPU
		{4390ACCD-C763-4A93-8A52-964484D38F41}.AppStore|x86.ActiveCfg = Release|Any CPU
		{4390ACCD-C763-4A93-8A52-964484D38F41}.AppStore|x86.Build.0 = Release|Any CPU
		{4390ACCD-C763-4A93-8A52-964484D38F41}.Debug|Any CPU.ActiveCfg = Debug|Any CPU
		{4390ACCD-C763-4A93-8A52-964484D38F41}.Debug|Any CPU.Build.0 = Debug|Any CPU
		{4390ACCD-C763-4A93-8A52-964484D38F41}.Debug|iPhone.ActiveCfg = Debug|Any CPU
		{4390ACCD-C763-4A93-8A52-964484D38F41}.Debug|iPhone.Build.0 = Debug|Any CPU
		{4390ACCD-C763-4A93-8A52-964484D38F41}.Debug|iPhoneSimulator.ActiveCfg = Debug|Any CPU
		{4390ACCD-C763-4A93-8A52-964484D38F41}.Debug|iPhoneSimulator.Build.0 = Debug|Any CPU
		{4390ACCD-C763-4A93-8A52-964484D38F41}.Debug|x64.ActiveCfg = Debug|Any CPU
		{4390ACCD-C763-4A93-8A52-964484D38F41}.Debug|x64.Build.0 = Debug|Any CPU
		{4390ACCD-C763-4A93-8A52-964484D38F41}.Debug|x86.ActiveCfg = Debug|Any CPU
		{4390ACCD-C763-4A93-8A52-964484D38F41}.Debug|x86.Build.0 = Debug|Any CPU
		{4390ACCD-C763-4A93-8A52-964484D38F41}.Release|Any CPU.ActiveCfg = Release|Any CPU
		{4390ACCD-C763-4A93-8A52-964484D38F41}.Release|Any CPU.Build.0 = Release|Any CPU
		{4390ACCD-C763-4A93-8A52-964484D38F41}.Release|iPhone.ActiveCfg = Release|Any CPU
		{4390ACCD-C763-4A93-8A52-964484D38F41}.Release|iPhone.Build.0 = Release|Any CPU
		{4390ACCD-C763-4A93-8A52-964484D38F41}.Release|iPhoneSimulator.ActiveCfg = Release|Any CPU
		{4390ACCD-C763-4A93-8A52-964484D38F41}.Release|iPhoneSimulator.Build.0 = Release|Any CPU
		{4390ACCD-C763-4A93-8A52-964484D38F41}.Release|x64.ActiveCfg = Release|Any CPU
		{4390ACCD-C763-4A93-8A52-964484D38F41}.Release|x64.Build.0 = Release|Any CPU
		{4390ACCD-C763-4A93-8A52-964484D38F41}.Release|x86.ActiveCfg = Release|Any CPU
		{4390ACCD-C763-4A93-8A52-964484D38F41}.Release|x86.Build.0 = Release|Any CPU
		{78A0A52D-DAAA-47B3-82FF-383CC3CF50B7}.Ad-Hoc|Any CPU.ActiveCfg = Debug|Any CPU
		{78A0A52D-DAAA-47B3-82FF-383CC3CF50B7}.Ad-Hoc|Any CPU.Build.0 = Debug|Any CPU
		{78A0A52D-DAAA-47B3-82FF-383CC3CF50B7}.Ad-Hoc|iPhone.ActiveCfg = Debug|Any CPU
		{78A0A52D-DAAA-47B3-82FF-383CC3CF50B7}.Ad-Hoc|iPhone.Build.0 = Debug|Any CPU
		{78A0A52D-DAAA-47B3-82FF-383CC3CF50B7}.Ad-Hoc|iPhoneSimulator.ActiveCfg = Debug|Any CPU
		{78A0A52D-DAAA-47B3-82FF-383CC3CF50B7}.Ad-Hoc|iPhoneSimulator.Build.0 = Debug|Any CPU
		{78A0A52D-DAAA-47B3-82FF-383CC3CF50B7}.Ad-Hoc|x64.ActiveCfg = Release|Any CPU
		{78A0A52D-DAAA-47B3-82FF-383CC3CF50B7}.Ad-Hoc|x64.Build.0 = Release|Any CPU
		{78A0A52D-DAAA-47B3-82FF-383CC3CF50B7}.Ad-Hoc|x86.ActiveCfg = Release|Any CPU
		{78A0A52D-DAAA-47B3-82FF-383CC3CF50B7}.Ad-Hoc|x86.Build.0 = Release|Any CPU
		{78A0A52D-DAAA-47B3-82FF-383CC3CF50B7}.AppStore|Any CPU.ActiveCfg = Debug|Any CPU
		{78A0A52D-DAAA-47B3-82FF-383CC3CF50B7}.AppStore|Any CPU.Build.0 = Debug|Any CPU
		{78A0A52D-DAAA-47B3-82FF-383CC3CF50B7}.AppStore|iPhone.ActiveCfg = Debug|Any CPU
		{78A0A52D-DAAA-47B3-82FF-383CC3CF50B7}.AppStore|iPhone.Build.0 = Debug|Any CPU
		{78A0A52D-DAAA-47B3-82FF-383CC3CF50B7}.AppStore|iPhoneSimulator.ActiveCfg = Debug|Any CPU
		{78A0A52D-DAAA-47B3-82FF-383CC3CF50B7}.AppStore|iPhoneSimulator.Build.0 = Debug|Any CPU
		{78A0A52D-DAAA-47B3-82FF-383CC3CF50B7}.AppStore|x64.ActiveCfg = Release|Any CPU
		{78A0A52D-DAAA-47B3-82FF-383CC3CF50B7}.AppStore|x64.Build.0 = Release|Any CPU
		{78A0A52D-DAAA-47B3-82FF-383CC3CF50B7}.AppStore|x86.ActiveCfg = Release|Any CPU
		{78A0A52D-DAAA-47B3-82FF-383CC3CF50B7}.AppStore|x86.Build.0 = Release|Any CPU
		{78A0A52D-DAAA-47B3-82FF-383CC3CF50B7}.Debug|Any CPU.ActiveCfg = Debug|Any CPU
		{78A0A52D-DAAA-47B3-82FF-383CC3CF50B7}.Debug|Any CPU.Build.0 = Debug|Any CPU
		{78A0A52D-DAAA-47B3-82FF-383CC3CF50B7}.Debug|iPhone.ActiveCfg = Debug|Any CPU
		{78A0A52D-DAAA-47B3-82FF-383CC3CF50B7}.Debug|iPhone.Build.0 = Debug|Any CPU
		{78A0A52D-DAAA-47B3-82FF-383CC3CF50B7}.Debug|iPhoneSimulator.ActiveCfg = Debug|Any CPU
		{78A0A52D-DAAA-47B3-82FF-383CC3CF50B7}.Debug|iPhoneSimulator.Build.0 = Debug|Any CPU
		{78A0A52D-DAAA-47B3-82FF-383CC3CF50B7}.Debug|x64.ActiveCfg = Debug|Any CPU
		{78A0A52D-DAAA-47B3-82FF-383CC3CF50B7}.Debug|x64.Build.0 = Debug|Any CPU
		{78A0A52D-DAAA-47B3-82FF-383CC3CF50B7}.Debug|x86.ActiveCfg = Debug|Any CPU
		{78A0A52D-DAAA-47B3-82FF-383CC3CF50B7}.Debug|x86.Build.0 = Debug|Any CPU
		{78A0A52D-DAAA-47B3-82FF-383CC3CF50B7}.Release|Any CPU.ActiveCfg = Release|Any CPU
		{78A0A52D-DAAA-47B3-82FF-383CC3CF50B7}.Release|Any CPU.Build.0 = Release|Any CPU
		{78A0A52D-DAAA-47B3-82FF-383CC3CF50B7}.Release|iPhone.ActiveCfg = Release|Any CPU
		{78A0A52D-DAAA-47B3-82FF-383CC3CF50B7}.Release|iPhone.Build.0 = Release|Any CPU
		{78A0A52D-DAAA-47B3-82FF-383CC3CF50B7}.Release|iPhoneSimulator.ActiveCfg = Release|Any CPU
		{78A0A52D-DAAA-47B3-82FF-383CC3CF50B7}.Release|iPhoneSimulator.Build.0 = Release|Any CPU
		{78A0A52D-DAAA-47B3-82FF-383CC3CF50B7}.Release|x64.ActiveCfg = Release|Any CPU
		{78A0A52D-DAAA-47B3-82FF-383CC3CF50B7}.Release|x64.Build.0 = Release|Any CPU
		{78A0A52D-DAAA-47B3-82FF-383CC3CF50B7}.Release|x86.ActiveCfg = Release|Any CPU
		{78A0A52D-DAAA-47B3-82FF-383CC3CF50B7}.Release|x86.Build.0 = Release|Any CPU
		{9F05BFFD-2F7C-49C5-A659-4597F5A2EF08}.Ad-Hoc|Any CPU.ActiveCfg = Debug|Any CPU
		{9F05BFFD-2F7C-49C5-A659-4597F5A2EF08}.Ad-Hoc|Any CPU.Build.0 = Debug|Any CPU
		{9F05BFFD-2F7C-49C5-A659-4597F5A2EF08}.Ad-Hoc|iPhone.ActiveCfg = Debug|Any CPU
		{9F05BFFD-2F7C-49C5-A659-4597F5A2EF08}.Ad-Hoc|iPhone.Build.0 = Debug|Any CPU
		{9F05BFFD-2F7C-49C5-A659-4597F5A2EF08}.Ad-Hoc|iPhoneSimulator.ActiveCfg = Debug|Any CPU
		{9F05BFFD-2F7C-49C5-A659-4597F5A2EF08}.Ad-Hoc|iPhoneSimulator.Build.0 = Debug|Any CPU
		{9F05BFFD-2F7C-49C5-A659-4597F5A2EF08}.Ad-Hoc|x64.ActiveCfg = Release|Any CPU
		{9F05BFFD-2F7C-49C5-A659-4597F5A2EF08}.Ad-Hoc|x64.Build.0 = Release|Any CPU
		{9F05BFFD-2F7C-49C5-A659-4597F5A2EF08}.Ad-Hoc|x86.ActiveCfg = Release|Any CPU
		{9F05BFFD-2F7C-49C5-A659-4597F5A2EF08}.Ad-Hoc|x86.Build.0 = Release|Any CPU
		{9F05BFFD-2F7C-49C5-A659-4597F5A2EF08}.AppStore|Any CPU.ActiveCfg = Debug|Any CPU
		{9F05BFFD-2F7C-49C5-A659-4597F5A2EF08}.AppStore|Any CPU.Build.0 = Debug|Any CPU
		{9F05BFFD-2F7C-49C5-A659-4597F5A2EF08}.AppStore|iPhone.ActiveCfg = Debug|Any CPU
		{9F05BFFD-2F7C-49C5-A659-4597F5A2EF08}.AppStore|iPhone.Build.0 = Debug|Any CPU
		{9F05BFFD-2F7C-49C5-A659-4597F5A2EF08}.AppStore|iPhoneSimulator.ActiveCfg = Debug|Any CPU
		{9F05BFFD-2F7C-49C5-A659-4597F5A2EF08}.AppStore|iPhoneSimulator.Build.0 = Debug|Any CPU
		{9F05BFFD-2F7C-49C5-A659-4597F5A2EF08}.AppStore|x64.ActiveCfg = Release|Any CPU
		{9F05BFFD-2F7C-49C5-A659-4597F5A2EF08}.AppStore|x64.Build.0 = Release|Any CPU
		{9F05BFFD-2F7C-49C5-A659-4597F5A2EF08}.AppStore|x86.ActiveCfg = Release|Any CPU
		{9F05BFFD-2F7C-49C5-A659-4597F5A2EF08}.AppStore|x86.Build.0 = Release|Any CPU
		{9F05BFFD-2F7C-49C5-A659-4597F5A2EF08}.Debug|Any CPU.ActiveCfg = Debug|Any CPU
		{9F05BFFD-2F7C-49C5-A659-4597F5A2EF08}.Debug|Any CPU.Build.0 = Debug|Any CPU
		{9F05BFFD-2F7C-49C5-A659-4597F5A2EF08}.Debug|iPhone.ActiveCfg = Debug|Any CPU
		{9F05BFFD-2F7C-49C5-A659-4597F5A2EF08}.Debug|iPhone.Build.0 = Debug|Any CPU
		{9F05BFFD-2F7C-49C5-A659-4597F5A2EF08}.Debug|iPhoneSimulator.ActiveCfg = Debug|Any CPU
		{9F05BFFD-2F7C-49C5-A659-4597F5A2EF08}.Debug|iPhoneSimulator.Build.0 = Debug|Any CPU
		{9F05BFFD-2F7C-49C5-A659-4597F5A2EF08}.Debug|x64.ActiveCfg = Debug|Any CPU
		{9F05BFFD-2F7C-49C5-A659-4597F5A2EF08}.Debug|x64.Build.0 = Debug|Any CPU
		{9F05BFFD-2F7C-49C5-A659-4597F5A2EF08}.Debug|x86.ActiveCfg = Debug|Any CPU
		{9F05BFFD-2F7C-49C5-A659-4597F5A2EF08}.Debug|x86.Build.0 = Debug|Any CPU
		{9F05BFFD-2F7C-49C5-A659-4597F5A2EF08}.Release|Any CPU.ActiveCfg = Release|Any CPU
		{9F05BFFD-2F7C-49C5-A659-4597F5A2EF08}.Release|Any CPU.Build.0 = Release|Any CPU
		{9F05BFFD-2F7C-49C5-A659-4597F5A2EF08}.Release|iPhone.ActiveCfg = Release|Any CPU
		{9F05BFFD-2F7C-49C5-A659-4597F5A2EF08}.Release|iPhone.Build.0 = Release|Any CPU
		{9F05BFFD-2F7C-49C5-A659-4597F5A2EF08}.Release|iPhoneSimulator.ActiveCfg = Release|Any CPU
		{9F05BFFD-2F7C-49C5-A659-4597F5A2EF08}.Release|iPhoneSimulator.Build.0 = Release|Any CPU
		{9F05BFFD-2F7C-49C5-A659-4597F5A2EF08}.Release|x64.ActiveCfg = Release|Any CPU
		{9F05BFFD-2F7C-49C5-A659-4597F5A2EF08}.Release|x64.Build.0 = Release|Any CPU
		{9F05BFFD-2F7C-49C5-A659-4597F5A2EF08}.Release|x86.ActiveCfg = Release|Any CPU
		{9F05BFFD-2F7C-49C5-A659-4597F5A2EF08}.Release|x86.Build.0 = Release|Any CPU
		{EB453404-4B11-473F-A92E-499F39199E36}.Ad-Hoc|Any CPU.ActiveCfg = Debug|Any CPU
		{EB453404-4B11-473F-A92E-499F39199E36}.Ad-Hoc|Any CPU.Build.0 = Debug|Any CPU
		{EB453404-4B11-473F-A92E-499F39199E36}.Ad-Hoc|iPhone.ActiveCfg = Debug|Any CPU
		{EB453404-4B11-473F-A92E-499F39199E36}.Ad-Hoc|iPhone.Build.0 = Debug|Any CPU
		{EB453404-4B11-473F-A92E-499F39199E36}.Ad-Hoc|iPhoneSimulator.ActiveCfg = Debug|Any CPU
		{EB453404-4B11-473F-A92E-499F39199E36}.Ad-Hoc|iPhoneSimulator.Build.0 = Debug|Any CPU
		{EB453404-4B11-473F-A92E-499F39199E36}.Ad-Hoc|x64.ActiveCfg = Debug|Any CPU
		{EB453404-4B11-473F-A92E-499F39199E36}.Ad-Hoc|x64.Build.0 = Debug|Any CPU
		{EB453404-4B11-473F-A92E-499F39199E36}.Ad-Hoc|x86.ActiveCfg = Debug|Any CPU
		{EB453404-4B11-473F-A92E-499F39199E36}.Ad-Hoc|x86.Build.0 = Debug|Any CPU
		{EB453404-4B11-473F-A92E-499F39199E36}.AppStore|Any CPU.ActiveCfg = Debug|Any CPU
		{EB453404-4B11-473F-A92E-499F39199E36}.AppStore|Any CPU.Build.0 = Debug|Any CPU
		{EB453404-4B11-473F-A92E-499F39199E36}.AppStore|iPhone.ActiveCfg = Debug|Any CPU
		{EB453404-4B11-473F-A92E-499F39199E36}.AppStore|iPhone.Build.0 = Debug|Any CPU
		{EB453404-4B11-473F-A92E-499F39199E36}.AppStore|iPhoneSimulator.ActiveCfg = Debug|Any CPU
		{EB453404-4B11-473F-A92E-499F39199E36}.AppStore|iPhoneSimulator.Build.0 = Debug|Any CPU
		{EB453404-4B11-473F-A92E-499F39199E36}.AppStore|x64.ActiveCfg = Debug|Any CPU
		{EB453404-4B11-473F-A92E-499F39199E36}.AppStore|x64.Build.0 = Debug|Any CPU
		{EB453404-4B11-473F-A92E-499F39199E36}.AppStore|x86.ActiveCfg = Debug|Any CPU
		{EB453404-4B11-473F-A92E-499F39199E36}.AppStore|x86.Build.0 = Debug|Any CPU
		{EB453404-4B11-473F-A92E-499F39199E36}.Debug|Any CPU.ActiveCfg = Debug|Any CPU
		{EB453404-4B11-473F-A92E-499F39199E36}.Debug|Any CPU.Build.0 = Debug|Any CPU
		{EB453404-4B11-473F-A92E-499F39199E36}.Debug|iPhone.ActiveCfg = Debug|Any CPU
		{EB453404-4B11-473F-A92E-499F39199E36}.Debug|iPhone.Build.0 = Debug|Any CPU
		{EB453404-4B11-473F-A92E-499F39199E36}.Debug|iPhoneSimulator.ActiveCfg = Debug|Any CPU
		{EB453404-4B11-473F-A92E-499F39199E36}.Debug|iPhoneSimulator.Build.0 = Debug|Any CPU
		{EB453404-4B11-473F-A92E-499F39199E36}.Debug|x64.ActiveCfg = Debug|Any CPU
		{EB453404-4B11-473F-A92E-499F39199E36}.Debug|x64.Build.0 = Debug|Any CPU
		{EB453404-4B11-473F-A92E-499F39199E36}.Debug|x86.ActiveCfg = Debug|Any CPU
		{EB453404-4B11-473F-A92E-499F39199E36}.Debug|x86.Build.0 = Debug|Any CPU
		{EB453404-4B11-473F-A92E-499F39199E36}.Release|Any CPU.ActiveCfg = Release|Any CPU
		{EB453404-4B11-473F-A92E-499F39199E36}.Release|Any CPU.Build.0 = Release|Any CPU
		{EB453404-4B11-473F-A92E-499F39199E36}.Release|iPhone.ActiveCfg = Release|Any CPU
		{EB453404-4B11-473F-A92E-499F39199E36}.Release|iPhone.Build.0 = Release|Any CPU
		{EB453404-4B11-473F-A92E-499F39199E36}.Release|iPhoneSimulator.ActiveCfg = Release|Any CPU
		{EB453404-4B11-473F-A92E-499F39199E36}.Release|iPhoneSimulator.Build.0 = Release|Any CPU
		{EB453404-4B11-473F-A92E-499F39199E36}.Release|x64.ActiveCfg = Release|Any CPU
		{EB453404-4B11-473F-A92E-499F39199E36}.Release|x64.Build.0 = Release|Any CPU
		{EB453404-4B11-473F-A92E-499F39199E36}.Release|x86.ActiveCfg = Release|Any CPU
		{EB453404-4B11-473F-A92E-499F39199E36}.Release|x86.Build.0 = Release|Any CPU
		{C5A7B401-DA6A-4BF5-9F14-344F77842D6F}.Ad-Hoc|Any CPU.ActiveCfg = Release|Any CPU
		{C5A7B401-DA6A-4BF5-9F14-344F77842D6F}.Ad-Hoc|Any CPU.Build.0 = Release|Any CPU
		{C5A7B401-DA6A-4BF5-9F14-344F77842D6F}.Ad-Hoc|iPhone.ActiveCfg = Release|Any CPU
		{C5A7B401-DA6A-4BF5-9F14-344F77842D6F}.Ad-Hoc|iPhone.Build.0 = Release|Any CPU
		{C5A7B401-DA6A-4BF5-9F14-344F77842D6F}.Ad-Hoc|iPhoneSimulator.ActiveCfg = Release|Any CPU
		{C5A7B401-DA6A-4BF5-9F14-344F77842D6F}.Ad-Hoc|iPhoneSimulator.Build.0 = Release|Any CPU
		{C5A7B401-DA6A-4BF5-9F14-344F77842D6F}.Ad-Hoc|x64.ActiveCfg = Release|Any CPU
		{C5A7B401-DA6A-4BF5-9F14-344F77842D6F}.Ad-Hoc|x64.Build.0 = Release|Any CPU
		{C5A7B401-DA6A-4BF5-9F14-344F77842D6F}.Ad-Hoc|x86.ActiveCfg = Release|Any CPU
		{C5A7B401-DA6A-4BF5-9F14-344F77842D6F}.Ad-Hoc|x86.Build.0 = Release|Any CPU
		{C5A7B401-DA6A-4BF5-9F14-344F77842D6F}.AppStore|Any CPU.ActiveCfg = Release|Any CPU
		{C5A7B401-DA6A-4BF5-9F14-344F77842D6F}.AppStore|Any CPU.Build.0 = Release|Any CPU
		{C5A7B401-DA6A-4BF5-9F14-344F77842D6F}.AppStore|iPhone.ActiveCfg = Release|Any CPU
		{C5A7B401-DA6A-4BF5-9F14-344F77842D6F}.AppStore|iPhone.Build.0 = Release|Any CPU
		{C5A7B401-DA6A-4BF5-9F14-344F77842D6F}.AppStore|iPhoneSimulator.ActiveCfg = Release|Any CPU
		{C5A7B401-DA6A-4BF5-9F14-344F77842D6F}.AppStore|iPhoneSimulator.Build.0 = Release|Any CPU
		{C5A7B401-DA6A-4BF5-9F14-344F77842D6F}.AppStore|x64.ActiveCfg = Release|Any CPU
		{C5A7B401-DA6A-4BF5-9F14-344F77842D6F}.AppStore|x64.Build.0 = Release|Any CPU
		{C5A7B401-DA6A-4BF5-9F14-344F77842D6F}.AppStore|x86.ActiveCfg = Release|Any CPU
		{C5A7B401-DA6A-4BF5-9F14-344F77842D6F}.AppStore|x86.Build.0 = Release|Any CPU
		{C5A7B401-DA6A-4BF5-9F14-344F77842D6F}.Debug|Any CPU.ActiveCfg = Debug|Any CPU
		{C5A7B401-DA6A-4BF5-9F14-344F77842D6F}.Debug|Any CPU.Build.0 = Debug|Any CPU
		{C5A7B401-DA6A-4BF5-9F14-344F77842D6F}.Debug|iPhone.ActiveCfg = Debug|Any CPU
		{C5A7B401-DA6A-4BF5-9F14-344F77842D6F}.Debug|iPhone.Build.0 = Debug|Any CPU
		{C5A7B401-DA6A-4BF5-9F14-344F77842D6F}.Debug|iPhoneSimulator.ActiveCfg = Debug|Any CPU
		{C5A7B401-DA6A-4BF5-9F14-344F77842D6F}.Debug|iPhoneSimulator.Build.0 = Debug|Any CPU
		{C5A7B401-DA6A-4BF5-9F14-344F77842D6F}.Debug|x64.ActiveCfg = Debug|Any CPU
		{C5A7B401-DA6A-4BF5-9F14-344F77842D6F}.Debug|x64.Build.0 = Debug|Any CPU
		{C5A7B401-DA6A-4BF5-9F14-344F77842D6F}.Debug|x86.ActiveCfg = Debug|Any CPU
		{C5A7B401-DA6A-4BF5-9F14-344F77842D6F}.Debug|x86.Build.0 = Debug|Any CPU
		{C5A7B401-DA6A-4BF5-9F14-344F77842D6F}.Release|Any CPU.ActiveCfg = Release|Any CPU
		{C5A7B401-DA6A-4BF5-9F14-344F77842D6F}.Release|Any CPU.Build.0 = Release|Any CPU
		{C5A7B401-DA6A-4BF5-9F14-344F77842D6F}.Release|iPhone.ActiveCfg = Release|Any CPU
		{C5A7B401-DA6A-4BF5-9F14-344F77842D6F}.Release|iPhone.Build.0 = Release|Any CPU
		{C5A7B401-DA6A-4BF5-9F14-344F77842D6F}.Release|iPhoneSimulator.ActiveCfg = Release|Any CPU
		{C5A7B401-DA6A-4BF5-9F14-344F77842D6F}.Release|iPhoneSimulator.Build.0 = Release|Any CPU
		{C5A7B401-DA6A-4BF5-9F14-344F77842D6F}.Release|x64.ActiveCfg = Release|Any CPU
		{C5A7B401-DA6A-4BF5-9F14-344F77842D6F}.Release|x64.Build.0 = Release|Any CPU
		{C5A7B401-DA6A-4BF5-9F14-344F77842D6F}.Release|x86.ActiveCfg = Release|Any CPU
		{C5A7B401-DA6A-4BF5-9F14-344F77842D6F}.Release|x86.Build.0 = Release|Any CPU
	EndGlobalSection
	GlobalSection(SolutionProperties) = preSolution
		HideSolutionNode = FALSE
	EndGlobalSection
	GlobalSection(NestedProjects) = preSolution
		{D0D0A585-B5D9-4F02-8E3D-A5B5A246EF60} = {CF391030-C0E8-4071-AD2E-86685D268366}
		{7C5D92A6-AC2A-4190-BBEF-FD78A6128C15} = {CF391030-C0E8-4071-AD2E-86685D268366}
		{F09B344E-903A-4AC3-8B58-822F0A839521} = {CF391030-C0E8-4071-AD2E-86685D268366}
		{D8B98221-F1B1-4A39-95B2-8993745FCF7D} = {F09B344E-903A-4AC3-8B58-822F0A839521}
		{4390ACCD-C763-4A93-8A52-964484D38F41} = {F09B344E-903A-4AC3-8B58-822F0A839521}
		{50A6E158-F8AC-4858-B3D0-DCF2630066C3} = {F09B344E-903A-4AC3-8B58-822F0A839521}
		{1B35F3FC-D84E-4D3B-AD6A-A8F1CC0EEC48} = {D8B98221-F1B1-4A39-95B2-8993745FCF7D}
		{79FDDC83-082D-46E1-953F-BC17FC45842F} = {D8B98221-F1B1-4A39-95B2-8993745FCF7D}
		{47C73D0C-FD26-422F-98A2-0448FF46615B} = {1B35F3FC-D84E-4D3B-AD6A-A8F1CC0EEC48}
		{7B6A154C-C7FC-49B6-B9CD-B64BAD602726} = {1B35F3FC-D84E-4D3B-AD6A-A8F1CC0EEC48}
		{78A0A52D-DAAA-47B3-82FF-383CC3CF50B7} = {1B35F3FC-D84E-4D3B-AD6A-A8F1CC0EEC48}
		{9F05BFFD-2F7C-49C5-A659-4597F5A2EF08} = {1B35F3FC-D84E-4D3B-AD6A-A8F1CC0EEC48}
		{E2E60290-1D06-43BD-96C9-253C94975D86} = {D0D0A585-B5D9-4F02-8E3D-A5B5A246EF60}
		{F71F42E8-F7C4-4A36-B370-FEAC550CDD86} = {D0D0A585-B5D9-4F02-8E3D-A5B5A246EF60}
		{EB453404-4B11-473F-A92E-499F39199E36} = {D0D0A585-B5D9-4F02-8E3D-A5B5A246EF60}
		{C5A7B401-DA6A-4BF5-9F14-344F77842D6F} = {D0D0A585-B5D9-4F02-8E3D-A5B5A246EF60}
	EndGlobalSection
	GlobalSection(ExtensibilityGlobals) = postSolution
		SolutionGuid = {4281D324-96F9-4BE0-87E5-66A67E057FBE}
	EndGlobalSection
EndGlobal
