
Microsoft Visual Studio Solution File, Format Version 12.00
# Visual Studio 15
VisualStudioVersion = 15.0.27130.2024
MinimumVisualStudioVersion = 10.0.40219.1
Project("{D954291E-2A0B-460D-934E-DC6B0785DB48}") = "HolisticWare.Core.Math.Statistics.Descriptive.Sequential", "HolisticWare.Core.Math.Statistics.Descriptive.Sequential\HolisticWare.Core.Math.Statistics.Descriptive.Sequential.shproj", "{920D7D0F-3FAE-4C77-9174-23E7A4E80E50}"
EndProject
Project("{FAE04EC0-301F-11D3-BF4B-00C04F79EFBC}") = "HolisticWare.Core.Math.Statistics.Descriptive.Sequential.NetStandard10", "HolisticWare.Core.Math.Statistics.Descriptive.Sequential.NetStandard10\HolisticWare.Core.Math.Statistics.Descriptive.Sequential.NetStandard10.csproj", "{DEFACBA9-2E24-46BD-B3E0-EFF602FA05DC}"
EndProject
Global
	GlobalSection(SolutionConfigurationPlatforms) = preSolution
		Debug|Any CPU = Debug|Any CPU
		Release|Any CPU = Release|Any CPU
	EndGlobalSection
	GlobalSection(ProjectConfigurationPlatforms) = postSolution
		{DEFACBA9-2E24-46BD-B3E0-EFF602FA05DC}.Debug|Any CPU.ActiveCfg = Debug|Any CPU
		{DEFACBA9-2E24-46BD-B3E0-EFF602FA05DC}.Debug|Any CPU.Build.0 = Debug|Any CPU
		{DEFACBA9-2E24-46BD-B3E0-EFF602FA05DC}.Release|Any CPU.ActiveCfg = Release|Any CPU
		{DEFACBA9-2E24-46BD-B3E0-EFF602FA05DC}.Release|Any CPU.Build.0 = Release|Any CPU
	EndGlobalSection
EndGlobal
