
Microsoft Visual Studio Solution File, Format Version 12.00
# Visual Studio 15
VisualStudioVersion = 15.0.27130.2027
MinimumVisualStudioVersion = 10.0.40219.1
Project("{2150E333-8FDC-42A3-9474-1A3956D46DE8}") = "Solution Items", "Solution Items", "{36B9D25A-40E6-47C2-AD91-6EF9EF420571}"
	ProjectSection(SolutionItems) = preProject
		..\README.md = ..\README.md
	EndProjectSection
EndProject
Project("{D954291E-2A0B-460D-934E-DC6B0785DB48}") = "HolisticWare.Core.Math.Statistics.Descriptive.Sequential.common-shared", "HolisticWare.Core.Math.Statistics.Descriptive.Sequential.common-shared\HolisticWare.Core.Math.Statistics.Descriptive.Sequential.common-shared.shproj", "{97322730-7912-4331-8881-DF029EF7CDD1}"
EndProject
Project("{FAE04EC0-301F-11D3-BF4B-00C04F79EFBC}") = "HolisticWare.Core.Math.Statistics.Descriptive.Sequential.netstandard10", "HolisticWare.Core.Math.Statistics.Descriptive.Sequential.netstandard10\HolisticWare.Core.Math.Statistics.Descriptive.Sequential.netstandard10.csproj", "{AA9D0357-6A77-41D4-BB7A-CC4111EC1501}"
EndProject
Project("{FAE04EC0-301F-11D3-BF4B-00C04F79EFBC}") = "HolisticWare.Core.Math.Statistics.Descriptive.Sequential.netstandard11", "HolisticWare.Core.Math.Statistics.Descriptive.Sequential.netstandard11\HolisticWare.Core.Math.Statistics.Descriptive.Sequential.netstandard11.csproj", "{169C37E6-B0C7-43D6-B68A-F93224ACBF56}"
EndProject
Project("{FAE04EC0-301F-11D3-BF4B-00C04F79EFBC}") = "HolisticWare.Core.Math.Statistics.Descriptive.Sequential.netstandard13", "HolisticWare.Core.Math.Statistics.Descriptive.Sequential.netstandard13\HolisticWare.Core.Math.Statistics.Descriptive.Sequential.netstandard13.csproj", "{2745EF70-09F1-4297-9C0F-4294F37A1D75}"
EndProject
Project("{FAE04EC0-301F-11D3-BF4B-00C04F79EFBC}") = "HolisticWare.Core.Memory.netstandard11", "HolisticWare.Core.Memory.netstandard11\HolisticWare.Core.Memory.netstandard11.csproj", "{D98FDBAC-B38C-4AA3-9916-FCC383068A80}"
EndProject
Project("{D954291E-2A0B-460D-934E-DC6B0785DB48}") = "HolisticWare.Core.Math.Statistics.Descriptive.MatlabOctave.Sequential.common-shared", "HolisticWare.Core.Math.Statistics.Descriptive.MatlabOctave.Sequential.common-shared\HolisticWare.Core.Math.Statistics.Descriptive.MatlabOctave.Sequential.common-shared.shproj", "{F397F3AE-7B7B-49F3-9BA4-8DED2C63813A}"
EndProject
Project("{FAE04EC0-301F-11D3-BF4B-00C04F79EFBC}") = "HolisticWare.Core.Math.Statistics.Descriptive.MatlabOctave.Sequential.netstandard10", "HolisticWare.Core.Math.Statistics.Descriptive.MatlabOctave.Sequential.netstandard10\HolisticWare.Core.Math.Statistics.Descriptive.MatlabOctave.Sequential.netstandard10.csproj", "{9FF4B3A0-DE75-4322-8D35-E35650D9011D}"
EndProject
Project("{FAE04EC0-301F-11D3-BF4B-00C04F79EFBC}") = "HolisticWare.Core.Math.Statistics.Descriptive.MatlabOctave.Sequential.netstandard11", "HolisticWare.Core.Math.Statistics.Descriptive.MatlabOctave.Sequential.netstandard11\HolisticWare.Core.Math.Statistics.Descriptive.MatlabOctave.Sequential.netstandard11.csproj", "{8129F10D-07A6-4C38-8299-D2B582954733}"
EndProject
Project("{D954291E-2A0B-460D-934E-DC6B0785DB48}") = "HolisticWare.Core.Math.Statistics.Descriptive.Python.Sequential.common-shared", "HolisticWare.Core.Math.Statistics.Descriptive.Python.Sequential.common-shared\HolisticWare.Core.Math.Statistics.Descriptive.Python.Sequential.common-shared.shproj", "{F1A161A2-B393-48EF-960D-89D208BC14E2}"
EndProject
Project("{FAE04EC0-301F-11D3-BF4B-00C04F79EFBC}") = "HolisticWare.Core.Math.Statistics.Descriptive.Python.Sequential.netstandard10", "HolisticWare.Core.Math.Statistics.Descriptive.Python.Sequential.netstandard10\HolisticWare.Core.Math.Statistics.Descriptive.Python.Sequential.netstandard10.csproj", "{EE24D849-FFB7-4582-8FE5-F4BBB575CC74}"
EndProject
Project("{FAE04EC0-301F-11D3-BF4B-00C04F79EFBC}") = "HolisticWare.Core.Math.Statistics.Descriptive.Python.Sequential.netstandard11", "HolisticWare.Core.Math.Statistics.Descriptive.Python.Sequential.netstandard11\HolisticWare.Core.Math.Statistics.Descriptive.Python.Sequential.netstandard11.csproj", "{FB246FBC-1529-45D0-9B2A-50011C17BC32}"
EndProject
Project("{D954291E-2A0B-460D-934E-DC6B0785DB48}") = "HolisticWare.Core.Math.Statistics.Descriptive.R.Sequential.common-shared", "HolisticWare.Core.Math.Statistics.Descriptive.R.Sequential.common-shared\HolisticWare.Core.Math.Statistics.Descriptive.R.Sequential.common-shared.shproj", "{9C40B7D2-F296-4134-9B87-23D5B137B69D}"
EndProject
Global
	GlobalSection(SolutionConfigurationPlatforms) = preSolution
		Debug|Any CPU = Debug|Any CPU
		Release|Any CPU = Release|Any CPU
	EndGlobalSection
	GlobalSection(ProjectConfigurationPlatforms) = postSolution
		{AA9D0357-6A77-41D4-BB7A-CC4111EC1501}.Debug|Any CPU.ActiveCfg = Debug|Any CPU
		{AA9D0357-6A77-41D4-BB7A-CC4111EC1501}.Debug|Any CPU.Build.0 = Debug|Any CPU
		{AA9D0357-6A77-41D4-BB7A-CC4111EC1501}.Release|Any CPU.ActiveCfg = Release|Any CPU
		{AA9D0357-6A77-41D4-BB7A-CC4111EC1501}.Release|Any CPU.Build.0 = Release|Any CPU
		{169C37E6-B0C7-43D6-B68A-F93224ACBF56}.Debug|Any CPU.ActiveCfg = Debug|Any CPU
		{169C37E6-B0C7-43D6-B68A-F93224ACBF56}.Debug|Any CPU.Build.0 = Debug|Any CPU
		{169C37E6-B0C7-43D6-B68A-F93224ACBF56}.Release|Any CPU.ActiveCfg = Release|Any CPU
		{169C37E6-B0C7-43D6-B68A-F93224ACBF56}.Release|Any CPU.Build.0 = Release|Any CPU
		{2745EF70-09F1-4297-9C0F-4294F37A1D75}.Debug|Any CPU.ActiveCfg = Debug|Any CPU
		{2745EF70-09F1-4297-9C0F-4294F37A1D75}.Debug|Any CPU.Build.0 = Debug|Any CPU
		{2745EF70-09F1-4297-9C0F-4294F37A1D75}.Release|Any CPU.ActiveCfg = Release|Any CPU
		{2745EF70-09F1-4297-9C0F-4294F37A1D75}.Release|Any CPU.Build.0 = Release|Any CPU
		{D98FDBAC-B38C-4AA3-9916-FCC383068A80}.Debug|Any CPU.ActiveCfg = Debug|Any CPU
		{D98FDBAC-B38C-4AA3-9916-FCC383068A80}.Debug|Any CPU.Build.0 = Debug|Any CPU
		{D98FDBAC-B38C-4AA3-9916-FCC383068A80}.Release|Any CPU.ActiveCfg = Release|Any CPU
		{D98FDBAC-B38C-4AA3-9916-FCC383068A80}.Release|Any CPU.Build.0 = Release|Any CPU
		{9FF4B3A0-DE75-4322-8D35-E35650D9011D}.Debug|Any CPU.ActiveCfg = Debug|Any CPU
		{9FF4B3A0-DE75-4322-8D35-E35650D9011D}.Debug|Any CPU.Build.0 = Debug|Any CPU
		{9FF4B3A0-DE75-4322-8D35-E35650D9011D}.Release|Any CPU.ActiveCfg = Release|Any CPU
		{9FF4B3A0-DE75-4322-8D35-E35650D9011D}.Release|Any CPU.Build.0 = Release|Any CPU
		{8129F10D-07A6-4C38-8299-D2B582954733}.Debug|Any CPU.ActiveCfg = Debug|Any CPU
		{8129F10D-07A6-4C38-8299-D2B582954733}.Debug|Any CPU.Build.0 = Debug|Any CPU
		{8129F10D-07A6-4C38-8299-D2B582954733}.Release|Any CPU.ActiveCfg = Release|Any CPU
		{8129F10D-07A6-4C38-8299-D2B582954733}.Release|Any CPU.Build.0 = Release|Any CPU
		{EE24D849-FFB7-4582-8FE5-F4BBB575CC74}.Debug|Any CPU.ActiveCfg = Debug|Any CPU
		{EE24D849-FFB7-4582-8FE5-F4BBB575CC74}.Debug|Any CPU.Build.0 = Debug|Any CPU
		{EE24D849-FFB7-4582-8FE5-F4BBB575CC74}.Release|Any CPU.ActiveCfg = Release|Any CPU
		{EE24D849-FFB7-4582-8FE5-F4BBB575CC74}.Release|Any CPU.Build.0 = Release|Any CPU
		{FB246FBC-1529-45D0-9B2A-50011C17BC32}.Debug|Any CPU.ActiveCfg = Debug|Any CPU
		{FB246FBC-1529-45D0-9B2A-50011C17BC32}.Debug|Any CPU.Build.0 = Debug|Any CPU
		{FB246FBC-1529-45D0-9B2A-50011C17BC32}.Release|Any CPU.ActiveCfg = Release|Any CPU
		{FB246FBC-1529-45D0-9B2A-50011C17BC32}.Release|Any CPU.Build.0 = Release|Any CPU
	EndGlobalSection
EndGlobal
